// !$*UTF8*$!
{
	archiveVersion = 1;
	classes = {
	};
	objectVersion = 46;
	objects = {

/* Begin PBXBuildFile section */
		7F849AAC0A457E2200963040 /* Defaults.plist in Resources */ = {isa = PBXBuildFile; fileRef = 7F849AA60A457DE100963040 /* Defaults.plist */; };
		8D5B49B0048680CD000E48DA /* InfoPlist.strings in Resources */ = {isa = PBXBuildFile; fileRef = 089C167DFE841241C02AAC07 /* InfoPlist.strings */; };
		8D5B49B4048680CD000E48DA /* Cocoa.framework in Frameworks */ = {isa = PBXBuildFile; fileRef = 1058C7ADFEA557BF11CA2CBB /* Cocoa.framework */; };
		D62204AF1051CC3700FAEA30 /* TerminalColours.m in Sources */ = {isa = PBXBuildFile; fileRef = D62204AE1051CC3700FAEA30 /* TerminalColours.m */; };
		D62204B21051CC6A00FAEA30 /* JRSwizzle.m in Sources */ = {isa = PBXBuildFile; fileRef = D62204B11051CC6A00FAEA30 /* JRSwizzle.m */; };
		D648D9FA106DBF7300EA640F /* AppKit.framework in Frameworks */ = {isa = PBXBuildFile; fileRef = 089C167FFE841241C02AAC07 /* AppKit.framework */; };
		D65FF865105D82B500B54560 /* GTMHotKeyTextField.m in Sources */ = {isa = PBXBuildFile; fileRef = D65FF864105D82B500B54560 /* GTMHotKeyTextField.m */; };
		D65FF874105D845B00B54560 /* GTMNSObject+KeyValueObserving.m in Sources */ = {isa = PBXBuildFile; fileRef = D65FF870105D845B00B54560 /* GTMNSObject+KeyValueObserving.m */; };
		D65FF875105D845B00B54560 /* GTMSystemVersion.m in Sources */ = {isa = PBXBuildFile; fileRef = D65FF873105D845B00B54560 /* GTMSystemVersion.m */; };
		D65FF88B105D853000B54560 /* GTMObjC2Runtime.m in Sources */ = {isa = PBXBuildFile; fileRef = D65FF88A105D853000B54560 /* GTMObjC2Runtime.m */; };
		D65FF894105D875D00B54560 /* GTMCarbonEvent.m in Sources */ = {isa = PBXBuildFile; fileRef = D65FF893105D875D00B54560 /* GTMCarbonEvent.m */; };
		D65FF91B105D9B6200B54560 /* QSBKeyMap.m in Sources */ = {isa = PBXBuildFile; fileRef = D65FF91A105D9B6200B54560 /* QSBKeyMap.m */; };
		D66688D310534A87002EDB20 /* VisorProfile.plist in Resources */ = {isa = PBXBuildFile; fileRef = D66688D210534A87002EDB20 /* VisorProfile.plist */; };
		D6716ED210659A6300970560 /* WebKit.framework in Frameworks */ = {isa = PBXBuildFile; fileRef = D6716ED110659A6300970560 /* WebKit.framework */; };
		D6716FBD1065B54100970560 /* Control.pdf in Resources */ = {isa = PBXBuildFile; fileRef = D6716FBC1065B54100970560 /* Control.pdf */; };
		D67170711065D19D00970560 /* RestoreApp.scpt in Resources */ = {isa = PBXBuildFile; fileRef = D671706A1065D14300970560 /* RestoreApp.scpt */; };
		D67391790F93EB3F0037E3BC /* VisorActive.png in Resources */ = {isa = PBXBuildFile; fileRef = D67391740F93EB3F0037E3BC /* VisorActive.png */; };
		D673917A0F93EB3F0037E3BC /* VisorInactive.png in Resources */ = {isa = PBXBuildFile; fileRef = D67391750F93EB3F0037E3BC /* VisorInactive.png */; };
		D673917B0F93EB3F0037E3BC /* VisorLarge.png in Resources */ = {isa = PBXBuildFile; fileRef = D67391760F93EB3F0037E3BC /* VisorLarge.png */; };
		D68AA7020F371C810094AA92 /* Visor.m in Sources */ = {isa = PBXBuildFile; fileRef = D68AA7010F371C810094AA92 /* Visor.m */; };
		D6F5F1EA10521A9B0047CFF8 /* Configuration.xib in Resources */ = {isa = PBXBuildFile; fileRef = D6F5F1E910521A9B0047CFF8 /* Configuration.xib */; };
		D6FB33E90F3843E20067F941 /* Visor.xib in Resources */ = {isa = PBXBuildFile; fileRef = D6FB33E80F3843E20067F941 /* Visor.xib */; };
		D6FCDC691002BA42000FDA45 /* CopyOnSelect.m in Sources */ = {isa = PBXBuildFile; fileRef = D6FCDC681002BA42000FDA45 /* CopyOnSelect.m */; };
/* End PBXBuildFile section */

/* Begin PBXFileReference section */
		089C1672FE841209C02AAC07 /* Foundation.framework */ = {isa = PBXFileReference; lastKnownFileType = wrapper.framework; name = Foundation.framework; path = /System/Library/Frameworks/Foundation.framework; sourceTree = "<absolute>"; };
		089C167EFE841241C02AAC07 /* English */ = {isa = PBXFileReference; fileEncoding = 10; lastKnownFileType = text.plist.strings; name = English; path = English.lproj/InfoPlist.strings; sourceTree = "<group>"; };
		089C167FFE841241C02AAC07 /* AppKit.framework */ = {isa = PBXFileReference; lastKnownFileType = wrapper.framework; name = AppKit.framework; path = /System/Library/Frameworks/AppKit.framework; sourceTree = "<absolute>"; };
		1058C7ADFEA557BF11CA2CBB /* Cocoa.framework */ = {isa = PBXFileReference; lastKnownFileType = wrapper.framework; name = Cocoa.framework; path = /System/Library/Frameworks/Cocoa.framework; sourceTree = "<absolute>"; };
		7F01469F0A3E6571006AF239 /* Carbon.framework */ = {isa = PBXFileReference; lastKnownFileType = wrapper.framework; name = Carbon.framework; path = /System/Library/Frameworks/Carbon.framework; sourceTree = "<absolute>"; };
		7F849AA60A457DE100963040 /* Defaults.plist */ = {isa = PBXFileReference; fileEncoding = 30; lastKnownFileType = text.plist.xml; path = Defaults.plist; sourceTree = "<group>"; };
		8D5B49B6048680CD000E48DA /* Visor.bundle */ = {isa = PBXFileReference; explicitFileType = wrapper.cfbundle; includeInIndex = 0; path = Visor.bundle; sourceTree = BUILT_PRODUCTS_DIR; };
		8D5B49B7048680CD000E48DA /* Info.plist */ = {isa = PBXFileReference; fileEncoding = 4; lastKnownFileType = text.plist.xml; path = Info.plist; sourceTree = "<group>"; };
		D2F7E65807B2D6F200F64583 /* CoreData.framework */ = {isa = PBXFileReference; lastKnownFileType = wrapper.framework; name = CoreData.framework; path = /System/Library/Frameworks/CoreData.framework; sourceTree = "<absolute>"; };
		D62204AD1051CC3700FAEA30 /* TerminalColours.h */ = {isa = PBXFileReference; fileEncoding = 4; lastKnownFileType = sourcecode.c.h; path = TerminalColours.h; sourceTree = "<group>"; };
		D62204AE1051CC3700FAEA30 /* TerminalColours.m */ = {isa = PBXFileReference; fileEncoding = 4; lastKnownFileType = sourcecode.c.objc; path = TerminalColours.m; sourceTree = "<group>"; };
		D62204B01051CC6A00FAEA30 /* JRSwizzle.h */ = {isa = PBXFileReference; fileEncoding = 4; lastKnownFileType = sourcecode.c.h; path = JRSwizzle.h; sourceTree = "<group>"; };
		D62204B11051CC6A00FAEA30 /* JRSwizzle.m */ = {isa = PBXFileReference; fileEncoding = 4; lastKnownFileType = sourcecode.c.objc; path = JRSwizzle.m; sourceTree = "<group>"; };
		D65FF862105D82B500B54560 /* GTMDefines.h */ = {isa = PBXFileReference; fileEncoding = 4; lastKnownFileType = sourcecode.c.h; path = GTMDefines.h; sourceTree = "<group>"; };
		D65FF863105D82B500B54560 /* GTMHotKeyTextField.h */ = {isa = PBXFileReference; fileEncoding = 4; lastKnownFileType = sourcecode.c.h; path = GTMHotKeyTextField.h; sourceTree = "<group>"; };
		D65FF864105D82B500B54560 /* GTMHotKeyTextField.m */ = {isa = PBXFileReference; fileEncoding = 4; lastKnownFileType = sourcecode.c.objc; path = GTMHotKeyTextField.m; sourceTree = "<group>"; };
		D65FF86F105D845B00B54560 /* GTMNSObject+KeyValueObserving.h */ = {isa = PBXFileReference; fileEncoding = 4; lastKnownFileType = sourcecode.c.h; path = "GTMNSObject+KeyValueObserving.h"; sourceTree = "<group>"; };
		D65FF870105D845B00B54560 /* GTMNSObject+KeyValueObserving.m */ = {isa = PBXFileReference; fileEncoding = 4; lastKnownFileType = sourcecode.c.objc; path = "GTMNSObject+KeyValueObserving.m"; sourceTree = "<group>"; };
		D65FF871105D845B00B54560 /* GTMObjectSingleton.h */ = {isa = PBXFileReference; fileEncoding = 4; lastKnownFileType = sourcecode.c.h; path = GTMObjectSingleton.h; sourceTree = "<group>"; };
		D65FF872105D845B00B54560 /* GTMSystemVersion.h */ = {isa = PBXFileReference; fileEncoding = 4; lastKnownFileType = sourcecode.c.h; path = GTMSystemVersion.h; sourceTree = "<group>"; };
		D65FF873105D845B00B54560 /* GTMSystemVersion.m */ = {isa = PBXFileReference; fileEncoding = 4; lastKnownFileType = sourcecode.c.objc; path = GTMSystemVersion.m; sourceTree = "<group>"; };
		D65FF887105D853000B54560 /* GTMDebugSelectorValidation.h */ = {isa = PBXFileReference; fileEncoding = 4; lastKnownFileType = sourcecode.c.h; path = GTMDebugSelectorValidation.h; sourceTree = "<group>"; };
		D65FF888105D853000B54560 /* GTMGarbageCollection.h */ = {isa = PBXFileReference; fileEncoding = 4; lastKnownFileType = sourcecode.c.h; path = GTMGarbageCollection.h; sourceTree = "<group>"; };
		D65FF889105D853000B54560 /* GTMObjC2Runtime.h */ = {isa = PBXFileReference; fileEncoding = 4; lastKnownFileType = sourcecode.c.h; path = GTMObjC2Runtime.h; sourceTree = "<group>"; };
		D65FF88A105D853000B54560 /* GTMObjC2Runtime.m */ = {isa = PBXFileReference; fileEncoding = 4; lastKnownFileType = sourcecode.c.objc; path = GTMObjC2Runtime.m; sourceTree = "<group>"; };
		D65FF892105D875D00B54560 /* GTMCarbonEvent.h */ = {isa = PBXFileReference; fileEncoding = 4; lastKnownFileType = sourcecode.c.h; path = GTMCarbonEvent.h; sourceTree = "<group>"; };
		D65FF893105D875D00B54560 /* GTMCarbonEvent.m */ = {isa = PBXFileReference; fileEncoding = 4; lastKnownFileType = sourcecode.c.objc; path = GTMCarbonEvent.m; sourceTree = "<group>"; };
		D65FF919105D9B6200B54560 /* QSBKeyMap.h */ = {isa = PBXFileReference; fileEncoding = 4; lastKnownFileType = sourcecode.c.h; path = QSBKeyMap.h; sourceTree = "<group>"; };
		D65FF91A105D9B6200B54560 /* QSBKeyMap.m */ = {isa = PBXFileReference; fileEncoding = 4; lastKnownFileType = sourcecode.c.objc; path = QSBKeyMap.m; sourceTree = "<group>"; };
		D66688D210534A87002EDB20 /* VisorProfile.plist */ = {isa = PBXFileReference; fileEncoding = 4; lastKnownFileType = text.plist.xml; name = VisorProfile.plist; path = res/VisorProfile.plist; sourceTree = "<group>"; };
		D6716ED110659A6300970560 /* WebKit.framework */ = {isa = PBXFileReference; lastKnownFileType = wrapper.framework; name = WebKit.framework; path = /System/Library/Frameworks/WebKit.framework; sourceTree = "<absolute>"; };
		D6716FBC1065B54100970560 /* Control.pdf */ = {isa = PBXFileReference; lastKnownFileType = image.pdf; name = Control.pdf; path = res/Control.pdf; sourceTree = "<group>"; };
		D671706A1065D14300970560 /* RestoreApp.scpt */ = {isa = PBXFileReference; fileEncoding = 4; lastKnownFileType = sourcecode.scpt; name = RestoreApp.scpt; path = res/RestoreApp.scpt; sourceTree = "<group>"; };
		D67391740F93EB3F0037E3BC /* VisorActive.png */ = {isa = PBXFileReference; lastKnownFileType = image.png; name = VisorActive.png; path = res/VisorActive.png; sourceTree = "<group>"; };
		D67391750F93EB3F0037E3BC /* VisorInactive.png */ = {isa = PBXFileReference; lastKnownFileType = image.png; name = VisorInactive.png; path = res/VisorInactive.png; sourceTree = "<group>"; };
		D67391760F93EB3F0037E3BC /* VisorLarge.png */ = {isa = PBXFileReference; lastKnownFileType = image.png; name = VisorLarge.png; path = res/VisorLarge.png; sourceTree = "<group>"; };
		D68AA7000F371C810094AA92 /* Visor.h */ = {isa = PBXFileReference; fileEncoding = 4; lastKnownFileType = sourcecode.c.h; path = Visor.h; sourceTree = "<group>"; };
		D68AA7010F371C810094AA92 /* Visor.m */ = {isa = PBXFileReference; fileEncoding = 4; lastKnownFileType = sourcecode.c.objc; path = Visor.m; sourceTree = "<group>"; };
		D6F5F1E910521A9B0047CFF8 /* Configuration.xib */ = {isa = PBXFileReference; lastKnownFileType = file.xib; path = Configuration.xib; sourceTree = "<group>"; };
		D6FB33E80F3843E20067F941 /* Visor.xib */ = {isa = PBXFileReference; lastKnownFileType = file.xib; path = Visor.xib; sourceTree = "<group>"; };
		D6FB34420F3844D80067F941 /* Visor.pch */ = {isa = PBXFileReference; fileEncoding = 4; lastKnownFileType = sourcecode.c.h; path = Visor.pch; sourceTree = "<group>"; };
		D6FCDC671002BA42000FDA45 /* CopyOnSelect.h */ = {isa = PBXFileReference; fileEncoding = 4; lastKnownFileType = sourcecode.c.h; path = CopyOnSelect.h; sourceTree = "<group>"; };
		D6FCDC681002BA42000FDA45 /* CopyOnSelect.m */ = {isa = PBXFileReference; fileEncoding = 4; lastKnownFileType = sourcecode.c.objc; path = CopyOnSelect.m; sourceTree = "<group>"; };
/* End PBXFileReference section */

/* Begin PBXFrameworksBuildPhase section */
		8D5B49B3048680CD000E48DA /* Frameworks */ = {
			isa = PBXFrameworksBuildPhase;
			buildActionMask = 2147483647;
			files = (
				8D5B49B4048680CD000E48DA /* Cocoa.framework in Frameworks */,
				D6716ED210659A6300970560 /* WebKit.framework in Frameworks */,
				D648D9FA106DBF7300EA640F /* AppKit.framework in Frameworks */,
			);
			runOnlyForDeploymentPostprocessing = 0;
		};
/* End PBXFrameworksBuildPhase section */

/* Begin PBXGroup section */
		089C166AFE841209C02AAC07 /* Visor */ = {
			isa = PBXGroup;
			children = (
				D65FF918105D9B5400B54560 /* QSB */,
				D65FF861105D829F00B54560 /* GTM */,
				08FB77AFFE84173DC02AAC07 /* Classes */,
				32C88E010371C26100C91783 /* Other Sources */,
				089C167CFE841241C02AAC07 /* Resources */,
				089C1671FE841209C02AAC07 /* Frameworks and Libraries */,
				19C28FB8FE9D52D311CA2CBB /* Products */,
			);
			name = Visor;
			sourceTree = "<group>";
		};
		089C1671FE841209C02AAC07 /* Frameworks and Libraries */ = {
			isa = PBXGroup;
			children = (
				1058C7ACFEA557BF11CA2CBB /* Linked Frameworks */,
				1058C7AEFEA557BF11CA2CBB /* Other Frameworks */,
			);
			name = "Frameworks and Libraries";
			sourceTree = "<group>";
		};
		089C167CFE841241C02AAC07 /* Resources */ = {
			isa = PBXGroup;
			children = (
				D671706A1065D14300970560 /* RestoreApp.scpt */,
				D6716FBC1065B54100970560 /* Control.pdf */,
				D66688D210534A87002EDB20 /* VisorProfile.plist */,
				D6F5F1E910521A9B0047CFF8 /* Configuration.xib */,
				D67391740F93EB3F0037E3BC /* VisorActive.png */,
				D67391750F93EB3F0037E3BC /* VisorInactive.png */,
				D67391760F93EB3F0037E3BC /* VisorLarge.png */,
				D6FB33E80F3843E20067F941 /* Visor.xib */,
				7F849AA60A457DE100963040 /* Defaults.plist */,
				8D5B49B7048680CD000E48DA /* Info.plist */,
				089C167DFE841241C02AAC07 /* InfoPlist.strings */,
			);
			name = Resources;
			sourceTree = "<group>";
		};
		08FB77AFFE84173DC02AAC07 /* Classes */ = {
			isa = PBXGroup;
			children = (
				D62204B01051CC6A00FAEA30 /* JRSwizzle.h */,
				D62204B11051CC6A00FAEA30 /* JRSwizzle.m */,
				D62204AD1051CC3700FAEA30 /* TerminalColours.h */,
				D62204AE1051CC3700FAEA30 /* TerminalColours.m */,
				D6FCDC671002BA42000FDA45 /* CopyOnSelect.h */,
				D6FCDC681002BA42000FDA45 /* CopyOnSelect.m */,
				D68AA7000F371C810094AA92 /* Visor.h */,
				D68AA7010F371C810094AA92 /* Visor.m */,
			);
			name = Classes;
			sourceTree = "<group>";
		};
		1058C7ACFEA557BF11CA2CBB /* Linked Frameworks */ = {
			isa = PBXGroup;
			children = (
				7F01469F0A3E6571006AF239 /* Carbon.framework */,
				1058C7ADFEA557BF11CA2CBB /* Cocoa.framework */,
				D6716ED110659A6300970560 /* WebKit.framework */,
			);
			name = "Linked Frameworks";
			sourceTree = "<group>";
		};
		1058C7AEFEA557BF11CA2CBB /* Other Frameworks */ = {
			isa = PBXGroup;
			children = (
				089C167FFE841241C02AAC07 /* AppKit.framework */,
				D2F7E65807B2D6F200F64583 /* CoreData.framework */,
				089C1672FE841209C02AAC07 /* Foundation.framework */,
			);
			name = "Other Frameworks";
			sourceTree = "<group>";
		};
		19C28FB8FE9D52D311CA2CBB /* Products */ = {
			isa = PBXGroup;
			children = (
				8D5B49B6048680CD000E48DA /* Visor.bundle */,
			);
			name = Products;
			sourceTree = "<group>";
		};
		32C88E010371C26100C91783 /* Other Sources */ = {
			isa = PBXGroup;
			children = (
				D6FB34420F3844D80067F941 /* Visor.pch */,
			);
			name = "Other Sources";
			sourceTree = "<group>";
		};
		D65FF861105D829F00B54560 /* GTM */ = {
			isa = PBXGroup;
			children = (
				D65FF892105D875D00B54560 /* GTMCarbonEvent.h */,
				D65FF893105D875D00B54560 /* GTMCarbonEvent.m */,
				D65FF887105D853000B54560 /* GTMDebugSelectorValidation.h */,
				D65FF888105D853000B54560 /* GTMGarbageCollection.h */,
				D65FF889105D853000B54560 /* GTMObjC2Runtime.h */,
				D65FF88A105D853000B54560 /* GTMObjC2Runtime.m */,
				D65FF86F105D845B00B54560 /* GTMNSObject+KeyValueObserving.h */,
				D65FF870105D845B00B54560 /* GTMNSObject+KeyValueObserving.m */,
				D65FF871105D845B00B54560 /* GTMObjectSingleton.h */,
				D65FF872105D845B00B54560 /* GTMSystemVersion.h */,
				D65FF873105D845B00B54560 /* GTMSystemVersion.m */,
				D65FF862105D82B500B54560 /* GTMDefines.h */,
				D65FF863105D82B500B54560 /* GTMHotKeyTextField.h */,
				D65FF864105D82B500B54560 /* GTMHotKeyTextField.m */,
			);
			name = GTM;
			sourceTree = "<group>";
		};
		D65FF918105D9B5400B54560 /* QSB */ = {
			isa = PBXGroup;
			children = (
				D65FF919105D9B6200B54560 /* QSBKeyMap.h */,
				D65FF91A105D9B6200B54560 /* QSBKeyMap.m */,
			);
			name = QSB;
			sourceTree = "<group>";
		};
/* End PBXGroup section */

/* Begin PBXNativeTarget section */
		8D5B49AC048680CD000E48DA /* Visor.bundle */ = {
			isa = PBXNativeTarget;
			buildConfigurationList = 1DEB913A08733D840010E9CD /* Build configuration list for PBXNativeTarget "Visor.bundle" */;
			buildPhases = (
				8D5B49AF048680CD000E48DA /* Resources */,
				7FB66BF60CE76F070057DA0F /* ShellScript */,
				8D5B49B1048680CD000E48DA /* Sources */,
				8D5B49B3048680CD000E48DA /* Frameworks */,
			);
			buildRules = (
			);
			dependencies = (
			);
			name = Visor.bundle;
			productInstallPath = "$(HOME)/Library/Bundles";
			productName = Visor;
			productReference = 8D5B49B6048680CD000E48DA /* Visor.bundle */;
			productType = "com.apple.product-type.bundle";
		};
/* End PBXNativeTarget section */

/* Begin PBXProject section */
		089C1669FE841209C02AAC07 /* Project object */ = {
			isa = PBXProject;
			attributes = {
				BuildIndependentTargetsInParallel = YES;
				ORGANIZATIONNAME = BinaryAge;
			};
			buildConfigurationList = 1DEB913E08733D840010E9CD /* Build configuration list for PBXProject "Visor" */;
			compatibilityVersion = "Xcode 3.2";
			hasScannedForEncodings = 1;
			knownRegions = (
				English,
				Japanese,
				French,
				German,
				en,
			);
			mainGroup = 089C166AFE841209C02AAC07 /* Visor */;
			projectDirPath = "";
			projectRoot = "";
			targets = (
				8D5B49AC048680CD000E48DA /* Visor.bundle */,
			);
		};
/* End PBXProject section */

/* Begin PBXResourcesBuildPhase section */
		8D5B49AF048680CD000E48DA /* Resources */ = {
			isa = PBXResourcesBuildPhase;
			buildActionMask = 2147483647;
			files = (
				D67170711065D19D00970560 /* RestoreApp.scpt in Resources */,
				8D5B49B0048680CD000E48DA /* InfoPlist.strings in Resources */,
				7F849AAC0A457E2200963040 /* Defaults.plist in Resources */,
				D6FB33E90F3843E20067F941 /* Visor.xib in Resources */,
				D67391790F93EB3F0037E3BC /* VisorActive.png in Resources */,
				D673917A0F93EB3F0037E3BC /* VisorInactive.png in Resources */,
				D673917B0F93EB3F0037E3BC /* VisorLarge.png in Resources */,
				D6F5F1EA10521A9B0047CFF8 /* Configuration.xib in Resources */,
				D66688D310534A87002EDB20 /* VisorProfile.plist in Resources */,
				D6716FBD1065B54100970560 /* Control.pdf in Resources */,
			);
			runOnlyForDeploymentPostprocessing = 0;
		};
/* End PBXResourcesBuildPhase section */

/* Begin PBXShellScriptBuildPhase section */
		7FB66BF60CE76F070057DA0F /* ShellScript */ = {
			isa = PBXShellScriptBuildPhase;
			buildActionMask = 2147483647;
			files = (
			);
			inputPaths = (
			);
			outputPaths = (
			);
			runOnlyForDeploymentPostprocessing = 0;
			shellPath = /bin/sh;
			shellScript = "";
		};
/* End PBXShellScriptBuildPhase section */

/* Begin PBXSourcesBuildPhase section */
		8D5B49B1048680CD000E48DA /* Sources */ = {
			isa = PBXSourcesBuildPhase;
			buildActionMask = 2147483647;
			files = (
				D68AA7020F371C810094AA92 /* Visor.m in Sources */,
				D6FCDC691002BA42000FDA45 /* CopyOnSelect.m in Sources */,
				D62204AF1051CC3700FAEA30 /* TerminalColours.m in Sources */,
				D62204B21051CC6A00FAEA30 /* JRSwizzle.m in Sources */,
				D65FF865105D82B500B54560 /* GTMHotKeyTextField.m in Sources */,
				D65FF874105D845B00B54560 /* GTMNSObject+KeyValueObserving.m in Sources */,
				D65FF875105D845B00B54560 /* GTMSystemVersion.m in Sources */,
				D65FF88B105D853000B54560 /* GTMObjC2Runtime.m in Sources */,
				D65FF894105D875D00B54560 /* GTMCarbonEvent.m in Sources */,
				D65FF91B105D9B6200B54560 /* QSBKeyMap.m in Sources */,
			);
			runOnlyForDeploymentPostprocessing = 0;
		};
/* End PBXSourcesBuildPhase section */

/* Begin PBXVariantGroup section */
		089C167DFE841241C02AAC07 /* InfoPlist.strings */ = {
			isa = PBXVariantGroup;
			children = (
				089C167EFE841241C02AAC07 /* English */,
			);
			name = InfoPlist.strings;
			sourceTree = "<group>";
		};
/* End PBXVariantGroup section */

/* Begin XCBuildConfiguration section */
		1DEB913B08733D840010E9CD /* Debug */ = {
			isa = XCBuildConfiguration;
			buildSettings = {
				ARCHS = "$(NATIVE_ARCH_ACTUAL)";
				CODE_SIGN_IDENTITY = "";
				CONFIGURATION_BUILD_DIR = "/Users/darwin/Library/Application Support/SIMBL/Plugins";
				COPY_PHASE_STRIP = NO;
				FRAMEWORK_SEARCH_PATHS = (
					"$(inherited)",
					"$(FRAMEWORK_SEARCH_PATHS_QUOTED_1)",
				);
				GCC_C_LANGUAGE_STANDARD = c99;
				GCC_DEBUGGING_SYMBOLS = full;
				GCC_DYNAMIC_NO_PIC = NO;
				GCC_ENABLE_FIX_AND_CONTINUE = NO;
				GCC_ENABLE_SYMBOL_SEPARATION = YES;
				GCC_MODEL_TUNING = "";
				GCC_OPTIMIZATION_LEVEL = 0;
				GCC_PRECOMPILE_PREFIX_HEADER = YES;
				GCC_PREFIX_HEADER = Visor.pch;
				GCC_VERSION = com.apple.compilers.llvmgcc42;
				GCC_WARN_ABOUT_MISSING_PROTOTYPES = YES;
				GCC_WARN_ALLOW_INCOMPLETE_PROTOCOL = NO;
				GCC_WARN_INHIBIT_ALL_WARNINGS = YES;
				GCC_WARN_STRICT_SELECTOR_MATCH = YES;
				GCC_WARN_UNDECLARED_SELECTOR = YES;
				INFOPLIST_FILE = Info.plist;
				INSTALL_PATH = "$(HOME)/Library/Bundles";
				MACOSX_DEPLOYMENT_TARGET = 10.5;
				ONLY_ACTIVE_ARCH = NO;
				PRECOMPS_INCLUDE_HEADERS_FROM_BUILT_PRODUCTS_DIR = YES;
				PRODUCT_NAME = Visor;
				RUN_CLANG_STATIC_ANALYZER = YES;
				SDKROOT = macosx10.6;
				SKIP_INSTALL = YES;
				VALID_ARCHS = "i386 x86_64";
				WRAPPER_EXTENSION = bundle;
			};
			name = Debug;
		};
		1DEB913C08733D840010E9CD /* Release */ = {
			isa = XCBuildConfiguration;
			buildSettings = {
				ARCHS = "$(ARCHS_STANDARD_32_64_BIT)";
				CODE_SIGN_IDENTITY = "";
				FRAMEWORK_SEARCH_PATHS = (
					"$(inherited)",
					"$(FRAMEWORK_SEARCH_PATHS_QUOTED_1)",
				);
				GCC_C_LANGUAGE_STANDARD = c99;
				GCC_ENABLE_SYMBOL_SEPARATION = NO;
				GCC_GENERATE_DEBUGGING_SYMBOLS = NO;
				GCC_MODEL_TUNING = "";
				GCC_PRECOMPILE_PREFIX_HEADER = YES;
				GCC_PREFIX_HEADER = Visor.pch;
				GCC_VERSION = com.apple.compilers.llvmgcc42;
				GCC_WARN_ALLOW_INCOMPLETE_PROTOCOL = YES;
				GCC_WARN_INHIBIT_ALL_WARNINGS = YES;
				INFOPLIST_FILE = Info.plist;
				INSTALL_PATH = "$(HOME)/Library/Bundles";
				MACOSX_DEPLOYMENT_TARGET = 10.5;
				PRODUCT_NAME = Visor;
				RUN_CLANG_STATIC_ANALYZER = NO;
				SDKROOT = macosx10.6;
				VALID_ARCHS = "x86_64 i386 ppc";
				WRAPPER_EXTENSION = bundle;
			};
			name = Release;
		};
		1DEB913F08733D840010E9CD /* Debug */ = {
			isa = XCBuildConfiguration;
			buildSettings = {
				GCC_PREPROCESSOR_DEFINITIONS = _DEBUG_MODE;
				GCC_WARN_ABOUT_RETURN_TYPE = YES;
				GCC_WARN_UNUSED_VARIABLE = YES;
				OTHER_CFLAGS = "-fnested-functions";
				OTHER_LDFLAGS = (
					"-undefined",
					dynamic_lookup,
				);
				PREBINDING = NO;
				SDKROOT = macosx10.5;
			};
			name = Debug;
		};
		1DEB914008733D840010E9CD /* Release */ = {
			isa = XCBuildConfiguration;
			buildSettings = {
				GCC_WARN_ABOUT_RETURN_TYPE = YES;
				GCC_WARN_UNUSED_VARIABLE = YES;
				OTHER_CFLAGS = "-fnested-functions";
				OTHER_LDFLAGS = (
					"-undefined",
					dynamic_lookup,
				);
				PREBINDING = NO;
				SDKROOT = macosx10.5;
			};
			name = Release;
		};
/* End XCBuildConfiguration section */

/* Begin XCConfigurationList section */
		1DEB913A08733D840010E9CD /* Build configuration list for PBXNativeTarget "Visor.bundle" */ = {
			isa = XCConfigurationList;
			buildConfigurations = (
				1DEB913B08733D840010E9CD /* Debug */,
				1DEB913C08733D840010E9CD /* Release */,
			);
			defaultConfigurationIsVisible = 0;
			defaultConfigurationName = Release;
		};
		1DEB913E08733D840010E9CD /* Build configuration list for PBXProject "Visor" */ = {
			isa = XCConfigurationList;
			buildConfigurations = (
				1DEB913F08733D840010E9CD /* Debug */,
				1DEB914008733D840010E9CD /* Release */,
			);
			defaultConfigurationIsVisible = 0;
			defaultConfigurationName = Release;
		};
/* End XCConfigurationList section */
	};
	rootObject = 089C1669FE841209C02AAC07 /* Project object */;
}
