// !$*UTF8*$!
{
	archiveVersion = 1;
	classes = {
	};
	objectVersion = 46;
	objects = {

/* Begin PBXAggregateTarget section */
		D6C7F6D013D6495300DAC2BC /* TotalTerminal.app */ = {
			isa = PBXAggregateTarget;
			buildConfigurationList = D6C7F6D313D6495300DAC2BC /* Build configuration list for PBXAggregateTarget "TotalTerminal.app" */;
			buildPhases = (
				D6C7F6D513D6495B00DAC2BC /* Assemble TotalTerminal.app and TotalTerminal.osax */,
				D6C7F70413D652C000DAC2BC /* Compile main.scpt */,
				D6C7F70513D6531C00DAC2BC /* Debug Install */,
			);
			dependencies = (
				D66A092213E746DD0030CD39 /* PBXTargetDependency */,
				D6C7F70313D64C7200DAC2BC /* PBXTargetDependency */,
			);
			name = TotalTerminal.app;
			productName = TotalTerminal.app;
		};
/* End PBXAggregateTarget section */

/* Begin PBXBuildFile section */
		0708B0F612ADA36100A0F345 /* Quartz.framework in Frameworks */ = {isa = PBXBuildFile; fileRef = 0708B0F512ADA36100A0F345 /* Quartz.framework */; };
		0708B0F812ADA36100A0F345 /* QuartzCore.framework in Frameworks */ = {isa = PBXBuildFile; fileRef = 0708B0F712ADA36100A0F345 /* QuartzCore.framework */; };
		07CA8A0712ADAC6C00A6D8BF /* Visor.qtz in Resources */ = {isa = PBXBuildFile; fileRef = 07CA8A0612ADAC6C00A6D8BF /* Visor.qtz */; };
		07CA8BD712B499F600A6D8BF /* Error.png in Resources */ = {isa = PBXBuildFile; fileRef = 07CA8BD612B499F600A6D8BF /* Error.png */; };
		26C7384F11045EBF00E5058E /* TotalTerminal+PasteOnRightClick.mm in Sources */ = {isa = PBXBuildFile; fileRef = 26C7384E11045EBF00E5058E /* TotalTerminal+PasteOnRightClick.mm */; };
		8D5B49B4048680CD000E48DA /* Cocoa.framework in Frameworks */ = {isa = PBXBuildFile; fileRef = 1058C7ADFEA557BF11CA2CBB /* Cocoa.framework */; };
		D62204AF1051CC3700FAEA30 /* TotalTerminal+TerminalColours.mm in Sources */ = {isa = PBXBuildFile; fileRef = D62204AE1051CC3700FAEA30 /* TotalTerminal+TerminalColours.mm */; };
		D62A1D1C13E4B7F100221A33 /* Visor-Lion.terminal in Resources */ = {isa = PBXBuildFile; fileRef = D62A1D1A13E4B7F100221A33 /* Visor-Lion.terminal */; };
		D62A1D1D13E4B7F100221A33 /* Visor-SnowLeaopard.terminal in Resources */ = {isa = PBXBuildFile; fileRef = D62A1D1B13E4B7F100221A33 /* Visor-SnowLeaopard.terminal */; };
		D648D9FA106DBF7300EA640F /* AppKit.framework in Frameworks */ = {isa = PBXBuildFile; fileRef = 089C167FFE841241C02AAC07 /* AppKit.framework */; };
		D6716ED210659A6300970560 /* WebKit.framework in Frameworks */ = {isa = PBXBuildFile; fileRef = D6716ED110659A6300970560 /* WebKit.framework */; };
		D6716FBD1065B54100970560 /* Control.pdf in Resources */ = {isa = PBXBuildFile; fileRef = D6716FBC1065B54100970560 /* Control.pdf */; };
		D67170711065D19D00970560 /* RestoreApp.scpt in Resources */ = {isa = PBXBuildFile; fileRef = D671706A1065D14300970560 /* RestoreApp.scpt */; };
		D67391790F93EB3F0037E3BC /* VisorActive.png in Resources */ = {isa = PBXBuildFile; fileRef = D67391740F93EB3F0037E3BC /* VisorActive.png */; };
		D673917A0F93EB3F0037E3BC /* VisorInactive.png in Resources */ = {isa = PBXBuildFile; fileRef = D67391750F93EB3F0037E3BC /* VisorInactive.png */; };
		D673917B0F93EB3F0037E3BC /* ToolbarIcon.png in Resources */ = {isa = PBXBuildFile; fileRef = D67391760F93EB3F0037E3BC /* ToolbarIcon.png */; };
		D6757D5713D69AB000F2FB8D /* dsa_pub.pem in Resources */ = {isa = PBXBuildFile; fileRef = D6757D5613D69AB000F2FB8D /* dsa_pub.pem */; };
		D6757D5913D69AFC00F2FB8D /* Sparkle.framework in Frameworks */ = {isa = PBXBuildFile; fileRef = D6757D5813D69AFC00F2FB8D /* Sparkle.framework */; };
		D6757D5E13D6AD0800F2FB8D /* ChangeThemeBackgroundColor.png in Resources */ = {isa = PBXBuildFile; fileRef = D6757D5D13D6AD0800F2FB8D /* ChangeThemeBackgroundColor.png */; };
		D6757D6213D6B00600F2FB8D /* TotalTerminal.icns in Resources */ = {isa = PBXBuildFile; fileRef = D6757D6113D6AD1C00F2FB8D /* TotalTerminal.icns */; };
		D6757D6413D6B29300F2FB8D /* Terminal.icns in Resources */ = {isa = PBXBuildFile; fileRef = D6757D6313D6B29300F2FB8D /* Terminal.icns */; };
		D68AA7020F371C810094AA92 /* TotalTerminal.mm in Sources */ = {isa = PBXBuildFile; fileRef = D68AA7010F371C810094AA92 /* TotalTerminal.mm */; };
		D69D315A13E44CD50013A750 /* TotalTerminal+Menu.mm in Sources */ = {isa = PBXBuildFile; fileRef = D69D315913E44CD50013A750 /* TotalTerminal+Menu.mm */; };
		D69D315D13E46F000013A750 /* ScreenUpdates.mm in Sources */ = {isa = PBXBuildFile; fileRef = D69D315C13E46F000013A750 /* ScreenUpdates.mm */; };
		D6AF5A7F13E2FB1200C44014 /* LoggerClient.m in Sources */ = {isa = PBXBuildFile; fileRef = D6AF5A7D13E2FB1200C44014 /* LoggerClient.m */; };
		D6AF5A8B13E2FB2C00C44014 /* SRCommon.m in Sources */ = {isa = PBXBuildFile; fileRef = D6AF5A8213E2FB2C00C44014 /* SRCommon.m */; };
		D6AF5A8C13E2FB2C00C44014 /* SRKeyCodeTransformer.m in Sources */ = {isa = PBXBuildFile; fileRef = D6AF5A8413E2FB2C00C44014 /* SRKeyCodeTransformer.m */; };
		D6AF5A8D13E2FB2C00C44014 /* SRRecorderCell.m in Sources */ = {isa = PBXBuildFile; fileRef = D6AF5A8613E2FB2C00C44014 /* SRRecorderCell.m */; };
		D6AF5A8E13E2FB2C00C44014 /* SRRecorderControl.m in Sources */ = {isa = PBXBuildFile; fileRef = D6AF5A8813E2FB2C00C44014 /* SRRecorderControl.m */; };
		D6AF5A8F13E2FB2C00C44014 /* SRValidator.m in Sources */ = {isa = PBXBuildFile; fileRef = D6AF5A8A13E2FB2C00C44014 /* SRValidator.m */; };
		D6AF5A9213E2FF5500C44014 /* TotalTerminal+Shortcuts.mm in Sources */ = {isa = PBXBuildFile; fileRef = D6AF5A9113E2FF5500C44014 /* TotalTerminal+Shortcuts.mm */; };
		D6AF5A9513E302C400C44014 /* TotalTerminal+Defaults.mm in Sources */ = {isa = PBXBuildFile; fileRef = D6AF5A9413E302C400C44014 /* TotalTerminal+Defaults.mm */; };
		D6AF5A9813E3032D00C44014 /* TotalTerminal+Debug.mm in Sources */ = {isa = PBXBuildFile; fileRef = D6AF5A9713E3032D00C44014 /* TotalTerminal+Debug.mm */; };
		D6AF5A9B13E304F300C44014 /* TotalTerminal+Observers.mm in Sources */ = {isa = PBXBuildFile; fileRef = D6AF5A9A13E304F300C44014 /* TotalTerminal+Observers.mm */; };
		D6AF5AA013E3094300C44014 /* TotalTerminal+StatusMenu.mm in Sources */ = {isa = PBXBuildFile; fileRef = D6AF5A9F13E3094300C44014 /* TotalTerminal+StatusMenu.mm */; };
		D6AF5AA313E30A4E00C44014 /* TotalTerminal+Preferences.mm in Sources */ = {isa = PBXBuildFile; fileRef = D6AF5AA213E30A4E00C44014 /* TotalTerminal+Preferences.mm */; };
		D6AF5AA613E3109500C44014 /* TotalTerminal+Visor.mm in Sources */ = {isa = PBXBuildFile; fileRef = D6AF5AA513E3109500C44014 /* TotalTerminal+Visor.mm */; };
		D6AF5AA913E311EE00C44014 /* TotalTerminal+Commands.mm in Sources */ = {isa = PBXBuildFile; fileRef = D6AF5AA813E311EE00C44014 /* TotalTerminal+Commands.mm */; };
		D6AF5AAC13E314F000C44014 /* TotalTerminal+Helpers.mm in Sources */ = {isa = PBXBuildFile; fileRef = D6AF5AAB13E314F000C44014 /* TotalTerminal+Helpers.mm */; };
		D6AF5AAF13E3154F00C44014 /* TotalTerminal+Dock.mm in Sources */ = {isa = PBXBuildFile; fileRef = D6AF5AAE13E3154F00C44014 /* TotalTerminal+Dock.mm */; };
		D6AF5AB213E3156000C44014 /* TotalTerminal+Sparkle.mm in Sources */ = {isa = PBXBuildFile; fileRef = D6AF5AB113E3156000C44014 /* TotalTerminal+Sparkle.mm */; };
		D6AF5AB413E3166D00C44014 /* main.m in Sources */ = {isa = PBXBuildFile; fileRef = D6AF5AB313E3166D00C44014 /* main.m */; };
		D6AF5AB713E3171B00C44014 /* TotalTerminal+Features.mm in Sources */ = {isa = PBXBuildFile; fileRef = D6AF5AB613E3171B00C44014 /* TotalTerminal+Features.mm */; };
		D6AF5ABD13E35F9B00C44014 /* ModifiersCommand.png in Resources */ = {isa = PBXBuildFile; fileRef = D6AF5AB913E35F9B00C44014 /* ModifiersCommand.png */; };
		D6AF5ABE13E35F9B00C44014 /* ModifiersControl.png in Resources */ = {isa = PBXBuildFile; fileRef = D6AF5ABA13E35F9B00C44014 /* ModifiersControl.png */; };
		D6AF5ABF13E35F9B00C44014 /* ModifiersOption.png in Resources */ = {isa = PBXBuildFile; fileRef = D6AF5ABB13E35F9B00C44014 /* ModifiersOption.png */; };
		D6AF5AC013E35F9B00C44014 /* ModifiersShift.png in Resources */ = {isa = PBXBuildFile; fileRef = D6AF5ABC13E35F9B00C44014 /* ModifiersShift.png */; };
		D6E5F58113E204730069D886 /* GTMCarbonEvent.m in Sources */ = {isa = PBXBuildFile; fileRef = D6E5F57413E204730069D886 /* GTMCarbonEvent.m */; };
		D6E5F58213E204730069D886 /* GTMHotKeyTextField.m in Sources */ = {isa = PBXBuildFile; fileRef = D6E5F57913E204730069D886 /* GTMHotKeyTextField.m */; };
		D6E5F58313E204730069D886 /* GTMNSObject+KeyValueObserving.m in Sources */ = {isa = PBXBuildFile; fileRef = D6E5F57B13E204730069D886 /* GTMNSObject+KeyValueObserving.m */; };
		D6E5F58413E204730069D886 /* GTMObjC2Runtime.m in Sources */ = {isa = PBXBuildFile; fileRef = D6E5F57D13E204730069D886 /* GTMObjC2Runtime.m */; };
		D6E5F58513E204730069D886 /* GTMSystemVersion.m in Sources */ = {isa = PBXBuildFile; fileRef = D6E5F58013E204730069D886 /* GTMSystemVersion.m */; };
		D6E5F58913E204E20069D886 /* QSBKeyMap.m in Sources */ = {isa = PBXBuildFile; fileRef = D6E5F58813E204E20069D886 /* QSBKeyMap.m */; };
		D6E5F59113E205880069D886 /* Updater.m in Sources */ = {isa = PBXBuildFile; fileRef = D6E5F58E13E205880069D886 /* Updater.m */; };
		D6E5F59213E205880069D886 /* Versions.m in Sources */ = {isa = PBXBuildFile; fileRef = D6E5F59013E205880069D886 /* Versions.m */; };
		D6E5F59613E205AB0069D886 /* JRSwizzle.m in Sources */ = {isa = PBXBuildFile; fileRef = D6E5F59513E205AB0069D886 /* JRSwizzle.m */; };
		D6E5F59A13E2087D0069D886 /* GTMMethodCheck.m in Sources */ = {isa = PBXBuildFile; fileRef = D6E5F59813E2087D0069D886 /* GTMMethodCheck.m */; };
		D6F5F1EA10521A9B0047CFF8 /* Configuration.xib in Resources */ = {isa = PBXBuildFile; fileRef = D6F5F1E910521A9B0047CFF8 /* Configuration.xib */; };
		D6FB33E90F3843E20067F941 /* TotalTerminal.xib in Resources */ = {isa = PBXBuildFile; fileRef = D6FB33E80F3843E20067F941 /* TotalTerminal.xib */; };
		D6FCDC691002BA42000FDA45 /* TotalTerminal+CopyOnSelect.mm in Sources */ = {isa = PBXBuildFile; fileRef = D6FCDC681002BA42000FDA45 /* TotalTerminal+CopyOnSelect.mm */; };
/* End PBXBuildFile section */

/* Begin PBXContainerItemProxy section */
		D66A091F13E746A80030CD39 /* PBXContainerItemProxy */ = {
			isa = PBXContainerItemProxy;
			containerPortal = D66A091713E746A80030CD39 /* CrashWatcher.xcodeproj */;
			proxyType = 2;
			remoteGlobalIDString = D685C57613A36BE000A23F94;
			remoteInfo = CrashWatcher;
		};
		D66A092113E746DD0030CD39 /* PBXContainerItemProxy */ = {
			isa = PBXContainerItemProxy;
			containerPortal = D66A091713E746A80030CD39 /* CrashWatcher.xcodeproj */;
			proxyType = 1;
			remoteGlobalIDString = D6BDB635139E1B6F00501FAA;
			remoteInfo = CrashWatcher;
		};
		D6C7F6F613D64BEA00DAC2BC /* PBXContainerItemProxy */ = {
			isa = PBXContainerItemProxy;
			containerPortal = D6C7F6E913D64BEA00DAC2BC /* Sparkle.xcodeproj */;
			proxyType = 2;
			remoteGlobalIDString = 8DC2EF5B0486A6940098B216;
			remoteInfo = Sparkle;
		};
		D6C7F6F813D64BEA00DAC2BC /* PBXContainerItemProxy */ = {
			isa = PBXContainerItemProxy;
			containerPortal = D6C7F6E913D64BEA00DAC2BC /* Sparkle.xcodeproj */;
			proxyType = 2;
			remoteGlobalIDString = 61B5F90209C4CEE200B25A18;
			remoteInfo = "Sparkle Test App";
		};
		D6C7F6FA13D64BEA00DAC2BC /* PBXContainerItemProxy */ = {
			isa = PBXContainerItemProxy;
			containerPortal = D6C7F6E913D64BEA00DAC2BC /* Sparkle.xcodeproj */;
			proxyType = 2;
			remoteGlobalIDString = DAAEFC960DA571DF0051E0D0;
			remoteInfo = "relaunch tool";
		};
		D6C7F6FC13D64BEA00DAC2BC /* PBXContainerItemProxy */ = {
			isa = PBXContainerItemProxy;
			containerPortal = D6C7F6E913D64BEA00DAC2BC /* Sparkle.xcodeproj */;
			proxyType = 2;
			remoteGlobalIDString = 612279D90DB5470200AB99EA;
			remoteInfo = "Sparkle Unit Tests";
		};
		D6C7F6FE13D64BEA00DAC2BC /* PBXContainerItemProxy */ = {
			isa = PBXContainerItemProxy;
			containerPortal = D6C7F6E913D64BEA00DAC2BC /* Sparkle.xcodeproj */;
			proxyType = 2;
			remoteGlobalIDString = 5D06E8D00FD68C7C005AE3F6;
			remoteInfo = BinaryDelta;
		};
		D6C7F70013D64C2E00DAC2BC /* PBXContainerItemProxy */ = {
			isa = PBXContainerItemProxy;
			containerPortal = D6C7F6E913D64BEA00DAC2BC /* Sparkle.xcodeproj */;
			proxyType = 1;
			remoteGlobalIDString = 8DC2EF4F0486A6940098B216;
			remoteInfo = Sparkle;
		};
		D6C7F70213D64C7200DAC2BC /* PBXContainerItemProxy */ = {
			isa = PBXContainerItemProxy;
			containerPortal = 089C1669FE841209C02AAC07 /* Project object */;
			proxyType = 1;
			remoteGlobalIDString = 8D5B49AC048680CD000E48DA;
			remoteInfo = TotalTerminal.bundle;
		};
/* End PBXContainerItemProxy section */

/* Begin PBXFileReference section */
		0708B0F512ADA36100A0F345 /* Quartz.framework */ = {isa = PBXFileReference; lastKnownFileType = wrapper.framework; name = Quartz.framework; path = /System/Library/Frameworks/Quartz.framework; sourceTree = "<absolute>"; };
		0708B0F712ADA36100A0F345 /* QuartzCore.framework */ = {isa = PBXFileReference; lastKnownFileType = wrapper.framework; name = QuartzCore.framework; path = /System/Library/Frameworks/QuartzCore.framework; sourceTree = "<absolute>"; };
		07CA8A0612ADAC6C00A6D8BF /* Visor.qtz */ = {isa = PBXFileReference; lastKnownFileType = "video.quartz-composer"; name = Visor.qtz; path = "../totalterminal-i18n/plugin/Visor.qtz"; sourceTree = "<group>"; };
		07CA8BD612B499F600A6D8BF /* Error.png */ = {isa = PBXFileReference; lastKnownFileType = image.png; name = Error.png; path = "../totalterminal-i18n/plugin/Error.png"; sourceTree = "<group>"; };
		089C1672FE841209C02AAC07 /* Foundation.framework */ = {isa = PBXFileReference; lastKnownFileType = wrapper.framework; name = Foundation.framework; path = /System/Library/Frameworks/Foundation.framework; sourceTree = "<absolute>"; };
		089C167FFE841241C02AAC07 /* AppKit.framework */ = {isa = PBXFileReference; lastKnownFileType = wrapper.framework; name = AppKit.framework; path = /System/Library/Frameworks/AppKit.framework; sourceTree = "<absolute>"; };
		1058C7ADFEA557BF11CA2CBB /* Cocoa.framework */ = {isa = PBXFileReference; lastKnownFileType = wrapper.framework; name = Cocoa.framework; path = /System/Library/Frameworks/Cocoa.framework; sourceTree = "<absolute>"; };
		26C7384D11045EBF00E5058E /* TotalTerminal+PasteOnRightClick.h */ = {isa = PBXFileReference; fileEncoding = 4; lastKnownFileType = sourcecode.c.h; path = "TotalTerminal+PasteOnRightClick.h"; sourceTree = "<group>"; };
		26C7384E11045EBF00E5058E /* TotalTerminal+PasteOnRightClick.mm */ = {isa = PBXFileReference; fileEncoding = 4; lastKnownFileType = sourcecode.cpp.objcpp; path = "TotalTerminal+PasteOnRightClick.mm"; sourceTree = "<group>"; };
		7F01469F0A3E6571006AF239 /* Carbon.framework */ = {isa = PBXFileReference; lastKnownFileType = wrapper.framework; name = Carbon.framework; path = /System/Library/Frameworks/Carbon.framework; sourceTree = "<absolute>"; };
		8D5B49B6048680CD000E48DA /* TotalTerminal.bundle */ = {isa = PBXFileReference; explicitFileType = wrapper.cfbundle; includeInIndex = 0; path = TotalTerminal.bundle; sourceTree = BUILT_PRODUCTS_DIR; };
		8D5B49B7048680CD000E48DA /* Info.plist */ = {isa = PBXFileReference; fileEncoding = 4; lastKnownFileType = text.plist.xml; path = Info.plist; sourceTree = "<group>"; };
		D2F7E65807B2D6F200F64583 /* CoreData.framework */ = {isa = PBXFileReference; lastKnownFileType = wrapper.framework; name = CoreData.framework; path = /System/Library/Frameworks/CoreData.framework; sourceTree = "<absolute>"; };
		D62204AD1051CC3700FAEA30 /* TotalTerminal+TerminalColours.h */ = {isa = PBXFileReference; fileEncoding = 4; lastKnownFileType = sourcecode.c.h; path = "TotalTerminal+TerminalColours.h"; sourceTree = "<group>"; };
		D62204AE1051CC3700FAEA30 /* TotalTerminal+TerminalColours.mm */ = {isa = PBXFileReference; fileEncoding = 4; lastKnownFileType = sourcecode.cpp.objcpp; path = "TotalTerminal+TerminalColours.mm"; sourceTree = "<group>"; };
		D62A1D1A13E4B7F100221A33 /* Visor-Lion.terminal */ = {isa = PBXFileReference; fileEncoding = 4; lastKnownFileType = text.xml; name = "Visor-Lion.terminal"; path = "../totalterminal-i18n/plugin/Visor-Lion.terminal"; sourceTree = "<group>"; };
		D62A1D1B13E4B7F100221A33 /* Visor-SnowLeaopard.terminal */ = {isa = PBXFileReference; fileEncoding = 4; lastKnownFileType = text.xml; name = "Visor-SnowLeaopard.terminal"; path = "../totalterminal-i18n/plugin/Visor-SnowLeaopard.terminal"; sourceTree = "<group>"; };
		D66A091713E746A80030CD39 /* CrashWatcher.xcodeproj */ = {isa = PBXFileReference; lastKnownFileType = "wrapper.pb-project"; name = CrashWatcher.xcodeproj; path = ../crashwatcher/CrashWatcher.xcodeproj; sourceTree = "<group>"; };
		D6716ED110659A6300970560 /* WebKit.framework */ = {isa = PBXFileReference; lastKnownFileType = wrapper.framework; name = WebKit.framework; path = /System/Library/Frameworks/WebKit.framework; sourceTree = "<absolute>"; };
		D6716FBC1065B54100970560 /* Control.pdf */ = {isa = PBXFileReference; lastKnownFileType = image.pdf; name = Control.pdf; path = "../totalterminal-i18n/plugin/Control.pdf"; sourceTree = "<group>"; };
		D671706A1065D14300970560 /* RestoreApp.scpt */ = {isa = PBXFileReference; fileEncoding = 4; lastKnownFileType = text; name = RestoreApp.scpt; path = "../totalterminal-i18n/plugin/RestoreApp.scpt"; sourceTree = "<group>"; };
		D67391740F93EB3F0037E3BC /* VisorActive.png */ = {isa = PBXFileReference; lastKnownFileType = image.png; name = VisorActive.png; path = "../totalterminal-i18n/plugin/VisorActive.png"; sourceTree = "<group>"; };
		D67391750F93EB3F0037E3BC /* VisorInactive.png */ = {isa = PBXFileReference; lastKnownFileType = image.png; name = VisorInactive.png; path = "../totalterminal-i18n/plugin/VisorInactive.png"; sourceTree = "<group>"; };
		D67391760F93EB3F0037E3BC /* ToolbarIcon.png */ = {isa = PBXFileReference; lastKnownFileType = image.png; name = ToolbarIcon.png; path = "../totalterminal-i18n/plugin/ToolbarIcon.png"; sourceTree = "<group>"; };
		D6757D5613D69AB000F2FB8D /* dsa_pub.pem */ = {isa = PBXFileReference; fileEncoding = 4; lastKnownFileType = text; name = dsa_pub.pem; path = ../keys/dsa_pub.pem; sourceTree = "<group>"; };
		D6757D5813D69AFC00F2FB8D /* Sparkle.framework */ = {isa = PBXFileReference; explicitFileType = wrapper.framework; path = Sparkle.framework; sourceTree = SOURCE_ROOT; };
		D6757D5D13D6AD0800F2FB8D /* ChangeThemeBackgroundColor.png */ = {isa = PBXFileReference; lastKnownFileType = image.png; name = ChangeThemeBackgroundColor.png; path = "../totalterminal-i18n/plugin/ChangeThemeBackgroundColor.png"; sourceTree = "<group>"; };
		D6757D6113D6AD1C00F2FB8D /* TotalTerminal.icns */ = {isa = PBXFileReference; lastKnownFileType = image.icns; name = TotalTerminal.icns; path = "../totalterminal-i18n/plugin/TotalTerminal.icns"; sourceTree = "<group>"; };
		D6757D6313D6B29300F2FB8D /* Terminal.icns */ = {isa = PBXFileReference; lastKnownFileType = image.icns; name = Terminal.icns; path = "../totalterminal-i18n/plugin/Terminal.icns"; sourceTree = "<group>"; };
		D68AA7000F371C810094AA92 /* TotalTerminal.h */ = {isa = PBXFileReference; fileEncoding = 4; lastKnownFileType = sourcecode.c.h; path = TotalTerminal.h; sourceTree = "<group>"; };
		D68AA7010F371C810094AA92 /* TotalTerminal.mm */ = {isa = PBXFileReference; fileEncoding = 4; lastKnownFileType = sourcecode.cpp.objcpp; lineEnding = 0; path = TotalTerminal.mm; sourceTree = "<group>"; xcLanguageSpecificationIdentifier = xcode.lang.objc; };
		D69D315813E44CD50013A750 /* TotalTerminal+Menu.h */ = {isa = PBXFileReference; fileEncoding = 4; lastKnownFileType = sourcecode.c.h; path = "TotalTerminal+Menu.h"; sourceTree = "<group>"; };
		D69D315913E44CD50013A750 /* TotalTerminal+Menu.mm */ = {isa = PBXFileReference; fileEncoding = 4; lastKnownFileType = sourcecode.cpp.objcpp; path = "TotalTerminal+Menu.mm"; sourceTree = "<group>"; };
		D69D315B13E46F000013A750 /* ScreenUpdates.h */ = {isa = PBXFileReference; fileEncoding = 4; lastKnownFileType = sourcecode.c.h; name = ScreenUpdates.h; path = base/ScreenUpdates.h; sourceTree = "<group>"; };
		D69D315C13E46F000013A750 /* ScreenUpdates.mm */ = {isa = PBXFileReference; fileEncoding = 4; lastKnownFileType = sourcecode.cpp.objcpp; name = ScreenUpdates.mm; path = base/ScreenUpdates.mm; sourceTree = "<group>"; };
		D6AF5A7C13E2FB1200C44014 /* LoggerClient.h */ = {isa = PBXFileReference; fileEncoding = 4; lastKnownFileType = sourcecode.c.h; name = LoggerClient.h; path = Logger/LoggerClient.h; sourceTree = "<group>"; };
		D6AF5A7D13E2FB1200C44014 /* LoggerClient.m */ = {isa = PBXFileReference; fileEncoding = 4; lastKnownFileType = sourcecode.c.objc; name = LoggerClient.m; path = Logger/LoggerClient.m; sourceTree = "<group>"; };
		D6AF5A7E13E2FB1200C44014 /* LoggerCommon.h */ = {isa = PBXFileReference; fileEncoding = 4; lastKnownFileType = sourcecode.c.h; name = LoggerCommon.h; path = Logger/LoggerCommon.h; sourceTree = "<group>"; };
		D6AF5A8113E2FB2C00C44014 /* SRCommon.h */ = {isa = PBXFileReference; fileEncoding = 4; lastKnownFileType = sourcecode.c.h; name = SRCommon.h; path = SR/SRCommon.h; sourceTree = "<group>"; };
		D6AF5A8213E2FB2C00C44014 /* SRCommon.m */ = {isa = PBXFileReference; fileEncoding = 4; lastKnownFileType = sourcecode.c.objc; name = SRCommon.m; path = SR/SRCommon.m; sourceTree = "<group>"; };
		D6AF5A8313E2FB2C00C44014 /* SRKeyCodeTransformer.h */ = {isa = PBXFileReference; fileEncoding = 4; lastKnownFileType = sourcecode.c.h; name = SRKeyCodeTransformer.h; path = SR/SRKeyCodeTransformer.h; sourceTree = "<group>"; };
		D6AF5A8413E2FB2C00C44014 /* SRKeyCodeTransformer.m */ = {isa = PBXFileReference; fileEncoding = 4; lastKnownFileType = sourcecode.c.objc; name = SRKeyCodeTransformer.m; path = SR/SRKeyCodeTransformer.m; sourceTree = "<group>"; };
		D6AF5A8513E2FB2C00C44014 /* SRRecorderCell.h */ = {isa = PBXFileReference; fileEncoding = 4; lastKnownFileType = sourcecode.c.h; name = SRRecorderCell.h; path = SR/SRRecorderCell.h; sourceTree = "<group>"; };
		D6AF5A8613E2FB2C00C44014 /* SRRecorderCell.m */ = {isa = PBXFileReference; fileEncoding = 4; lastKnownFileType = sourcecode.c.objc; name = SRRecorderCell.m; path = SR/SRRecorderCell.m; sourceTree = "<group>"; };
		D6AF5A8713E2FB2C00C44014 /* SRRecorderControl.h */ = {isa = PBXFileReference; fileEncoding = 4; lastKnownFileType = sourcecode.c.h; name = SRRecorderControl.h; path = SR/SRRecorderControl.h; sourceTree = "<group>"; };
		D6AF5A8813E2FB2C00C44014 /* SRRecorderControl.m */ = {isa = PBXFileReference; fileEncoding = 4; lastKnownFileType = sourcecode.c.objc; name = SRRecorderControl.m; path = SR/SRRecorderControl.m; sourceTree = "<group>"; };
		D6AF5A8913E2FB2C00C44014 /* SRValidator.h */ = {isa = PBXFileReference; fileEncoding = 4; lastKnownFileType = sourcecode.c.h; name = SRValidator.h; path = SR/SRValidator.h; sourceTree = "<group>"; };
		D6AF5A8A13E2FB2C00C44014 /* SRValidator.m */ = {isa = PBXFileReference; fileEncoding = 4; lastKnownFileType = sourcecode.c.objc; name = SRValidator.m; path = SR/SRValidator.m; sourceTree = "<group>"; };
		D6AF5A9013E2FF5500C44014 /* TotalTerminal+Shortcuts.h */ = {isa = PBXFileReference; fileEncoding = 4; lastKnownFileType = sourcecode.c.h; path = "TotalTerminal+Shortcuts.h"; sourceTree = "<group>"; };
		D6AF5A9113E2FF5500C44014 /* TotalTerminal+Shortcuts.mm */ = {isa = PBXFileReference; fileEncoding = 4; lastKnownFileType = sourcecode.cpp.objcpp; path = "TotalTerminal+Shortcuts.mm"; sourceTree = "<group>"; };
		D6AF5A9313E302C400C44014 /* TotalTerminal+Defaults.h */ = {isa = PBXFileReference; fileEncoding = 4; lastKnownFileType = sourcecode.c.h; path = "TotalTerminal+Defaults.h"; sourceTree = "<group>"; };
		D6AF5A9413E302C400C44014 /* TotalTerminal+Defaults.mm */ = {isa = PBXFileReference; fileEncoding = 4; lastKnownFileType = sourcecode.cpp.objcpp; path = "TotalTerminal+Defaults.mm"; sourceTree = "<group>"; };
		D6AF5A9613E3032D00C44014 /* TotalTerminal+Debug.h */ = {isa = PBXFileReference; fileEncoding = 4; lastKnownFileType = sourcecode.c.h; path = "TotalTerminal+Debug.h"; sourceTree = "<group>"; };
		D6AF5A9713E3032D00C44014 /* TotalTerminal+Debug.mm */ = {isa = PBXFileReference; fileEncoding = 4; lastKnownFileType = sourcecode.cpp.objcpp; path = "TotalTerminal+Debug.mm"; sourceTree = "<group>"; };
		D6AF5A9913E304F300C44014 /* TotalTerminal+Observers.h */ = {isa = PBXFileReference; fileEncoding = 4; lastKnownFileType = sourcecode.c.h; path = "TotalTerminal+Observers.h"; sourceTree = "<group>"; };
		D6AF5A9A13E304F300C44014 /* TotalTerminal+Observers.mm */ = {isa = PBXFileReference; fileEncoding = 4; lastKnownFileType = sourcecode.cpp.objcpp; path = "TotalTerminal+Observers.mm"; sourceTree = "<group>"; };
		D6AF5A9C13E3091B00C44014 /* TotalTerminal+StatusMenu.h */ = {isa = PBXFileReference; fileEncoding = 4; lastKnownFileType = sourcecode.c.h; path = "TotalTerminal+StatusMenu.h"; sourceTree = "<group>"; };
		D6AF5A9F13E3094300C44014 /* TotalTerminal+StatusMenu.mm */ = {isa = PBXFileReference; fileEncoding = 4; lastKnownFileType = sourcecode.cpp.objcpp; path = "TotalTerminal+StatusMenu.mm"; sourceTree = "<group>"; };
		D6AF5AA113E30A4E00C44014 /* TotalTerminal+Preferences.h */ = {isa = PBXFileReference; fileEncoding = 4; lastKnownFileType = sourcecode.c.h; path = "TotalTerminal+Preferences.h"; sourceTree = "<group>"; };
		D6AF5AA213E30A4E00C44014 /* TotalTerminal+Preferences.mm */ = {isa = PBXFileReference; fileEncoding = 4; lastKnownFileType = sourcecode.cpp.objcpp; path = "TotalTerminal+Preferences.mm"; sourceTree = "<group>"; };
		D6AF5AA413E3109500C44014 /* TotalTerminal+Visor.h */ = {isa = PBXFileReference; fileEncoding = 4; lastKnownFileType = sourcecode.c.h; path = "TotalTerminal+Visor.h"; sourceTree = "<group>"; };
		D6AF5AA513E3109500C44014 /* TotalTerminal+Visor.mm */ = {isa = PBXFileReference; fileEncoding = 4; lastKnownFileType = sourcecode.cpp.objcpp; path = "TotalTerminal+Visor.mm"; sourceTree = "<group>"; };
		D6AF5AA713E311EE00C44014 /* TotalTerminal+Commands.h */ = {isa = PBXFileReference; fileEncoding = 4; lastKnownFileType = sourcecode.c.h; path = "TotalTerminal+Commands.h"; sourceTree = "<group>"; };
		D6AF5AA813E311EE00C44014 /* TotalTerminal+Commands.mm */ = {isa = PBXFileReference; fileEncoding = 4; lastKnownFileType = sourcecode.cpp.objcpp; path = "TotalTerminal+Commands.mm"; sourceTree = "<group>"; };
		D6AF5AAA13E314F000C44014 /* TotalTerminal+Helpers.h */ = {isa = PBXFileReference; fileEncoding = 4; lastKnownFileType = sourcecode.c.h; path = "TotalTerminal+Helpers.h"; sourceTree = "<group>"; };
		D6AF5AAB13E314F000C44014 /* TotalTerminal+Helpers.mm */ = {isa = PBXFileReference; fileEncoding = 4; lastKnownFileType = sourcecode.cpp.objcpp; path = "TotalTerminal+Helpers.mm"; sourceTree = "<group>"; };
		D6AF5AAD13E3154F00C44014 /* TotalTerminal+Dock.h */ = {isa = PBXFileReference; fileEncoding = 4; lastKnownFileType = sourcecode.c.h; path = "TotalTerminal+Dock.h"; sourceTree = "<group>"; };
		D6AF5AAE13E3154F00C44014 /* TotalTerminal+Dock.mm */ = {isa = PBXFileReference; fileEncoding = 4; lastKnownFileType = sourcecode.cpp.objcpp; path = "TotalTerminal+Dock.mm"; sourceTree = "<group>"; };
		D6AF5AB013E3156000C44014 /* TotalTerminal+Sparkle.h */ = {isa = PBXFileReference; fileEncoding = 4; lastKnownFileType = sourcecode.c.h; path = "TotalTerminal+Sparkle.h"; sourceTree = "<group>"; };
		D6AF5AB113E3156000C44014 /* TotalTerminal+Sparkle.mm */ = {isa = PBXFileReference; fileEncoding = 4; lastKnownFileType = sourcecode.cpp.objcpp; path = "TotalTerminal+Sparkle.mm"; sourceTree = "<group>"; };
		D6AF5AB313E3166D00C44014 /* main.m */ = {isa = PBXFileReference; fileEncoding = 4; lastKnownFileType = sourcecode.c.objc; path = main.m; sourceTree = "<group>"; };
		D6AF5AB513E3171A00C44014 /* TotalTerminal+Features.h */ = {isa = PBXFileReference; fileEncoding = 4; lastKnownFileType = sourcecode.c.h; path = "TotalTerminal+Features.h"; sourceTree = "<group>"; };
		D6AF5AB613E3171B00C44014 /* TotalTerminal+Features.mm */ = {isa = PBXFileReference; fileEncoding = 4; lastKnownFileType = sourcecode.cpp.objcpp; path = "TotalTerminal+Features.mm"; sourceTree = "<group>"; };
		D6AF5AB813E351CB00C44014 /* Notifications.h */ = {isa = PBXFileReference; fileEncoding = 4; lastKnownFileType = sourcecode.c.h; path = Notifications.h; sourceTree = "<group>"; };
		D6AF5AB913E35F9B00C44014 /* ModifiersCommand.png */ = {isa = PBXFileReference; lastKnownFileType = image.png; name = ModifiersCommand.png; path = "../totalterminal-i18n/plugin/ModifiersCommand.png"; sourceTree = "<group>"; };
		D6AF5ABA13E35F9B00C44014 /* ModifiersControl.png */ = {isa = PBXFileReference; lastKnownFileType = image.png; name = ModifiersControl.png; path = "../totalterminal-i18n/plugin/ModifiersControl.png"; sourceTree = "<group>"; };
		D6AF5ABB13E35F9B00C44014 /* ModifiersOption.png */ = {isa = PBXFileReference; lastKnownFileType = image.png; name = ModifiersOption.png; path = "../totalterminal-i18n/plugin/ModifiersOption.png"; sourceTree = "<group>"; };
		D6AF5ABC13E35F9B00C44014 /* ModifiersShift.png */ = {isa = PBXFileReference; lastKnownFileType = image.png; name = ModifiersShift.png; path = "../totalterminal-i18n/plugin/ModifiersShift.png"; sourceTree = "<group>"; };
		D6C7F6E913D64BEA00DAC2BC /* Sparkle.xcodeproj */ = {isa = PBXFileReference; lastKnownFileType = "wrapper.pb-project"; name = Sparkle.xcodeproj; path = ../sparkle/Sparkle.xcodeproj; sourceTree = "<group>"; };
		D6E5F57313E204730069D886 /* GTMCarbonEvent.h */ = {isa = PBXFileReference; fileEncoding = 4; lastKnownFileType = sourcecode.c.h; name = GTMCarbonEvent.h; path = GTM/GTMCarbonEvent.h; sourceTree = "<group>"; };
		D6E5F57413E204730069D886 /* GTMCarbonEvent.m */ = {isa = PBXFileReference; fileEncoding = 4; lastKnownFileType = sourcecode.c.objc; name = GTMCarbonEvent.m; path = GTM/GTMCarbonEvent.m; sourceTree = "<group>"; };
		D6E5F57513E204730069D886 /* GTMDebugSelectorValidation.h */ = {isa = PBXFileReference; fileEncoding = 4; lastKnownFileType = sourcecode.c.h; name = GTMDebugSelectorValidation.h; path = GTM/GTMDebugSelectorValidation.h; sourceTree = "<group>"; };
		D6E5F57613E204730069D886 /* GTMDefines.h */ = {isa = PBXFileReference; fileEncoding = 4; lastKnownFileType = sourcecode.c.h; name = GTMDefines.h; path = GTM/GTMDefines.h; sourceTree = "<group>"; };
		D6E5F57713E204730069D886 /* GTMGarbageCollection.h */ = {isa = PBXFileReference; fileEncoding = 4; lastKnownFileType = sourcecode.c.h; name = GTMGarbageCollection.h; path = GTM/GTMGarbageCollection.h; sourceTree = "<group>"; };
		D6E5F57813E204730069D886 /* GTMHotKeyTextField.h */ = {isa = PBXFileReference; fileEncoding = 4; lastKnownFileType = sourcecode.c.h; name = GTMHotKeyTextField.h; path = GTM/GTMHotKeyTextField.h; sourceTree = "<group>"; };
		D6E5F57913E204730069D886 /* GTMHotKeyTextField.m */ = {isa = PBXFileReference; fileEncoding = 4; lastKnownFileType = sourcecode.c.objc; name = GTMHotKeyTextField.m; path = GTM/GTMHotKeyTextField.m; sourceTree = "<group>"; };
		D6E5F57A13E204730069D886 /* GTMNSObject+KeyValueObserving.h */ = {isa = PBXFileReference; fileEncoding = 4; lastKnownFileType = sourcecode.c.h; name = "GTMNSObject+KeyValueObserving.h"; path = "GTM/GTMNSObject+KeyValueObserving.h"; sourceTree = "<group>"; };
		D6E5F57B13E204730069D886 /* GTMNSObject+KeyValueObserving.m */ = {isa = PBXFileReference; fileEncoding = 4; lastKnownFileType = sourcecode.c.objc; name = "GTMNSObject+KeyValueObserving.m"; path = "GTM/GTMNSObject+KeyValueObserving.m"; sourceTree = "<group>"; };
		D6E5F57C13E204730069D886 /* GTMObjC2Runtime.h */ = {isa = PBXFileReference; fileEncoding = 4; lastKnownFileType = sourcecode.c.h; name = GTMObjC2Runtime.h; path = GTM/GTMObjC2Runtime.h; sourceTree = "<group>"; };
		D6E5F57D13E204730069D886 /* GTMObjC2Runtime.m */ = {isa = PBXFileReference; fileEncoding = 4; lastKnownFileType = sourcecode.c.objc; name = GTMObjC2Runtime.m; path = GTM/GTMObjC2Runtime.m; sourceTree = "<group>"; };
		D6E5F57E13E204730069D886 /* GTMObjectSingleton.h */ = {isa = PBXFileReference; fileEncoding = 4; lastKnownFileType = sourcecode.c.h; name = GTMObjectSingleton.h; path = GTM/GTMObjectSingleton.h; sourceTree = "<group>"; };
		D6E5F57F13E204730069D886 /* GTMSystemVersion.h */ = {isa = PBXFileReference; fileEncoding = 4; lastKnownFileType = sourcecode.c.h; name = GTMSystemVersion.h; path = GTM/GTMSystemVersion.h; sourceTree = "<group>"; };
		D6E5F58013E204730069D886 /* GTMSystemVersion.m */ = {isa = PBXFileReference; fileEncoding = 4; lastKnownFileType = sourcecode.c.objc; name = GTMSystemVersion.m; path = GTM/GTMSystemVersion.m; sourceTree = "<group>"; };
		D6E5F58713E204E20069D886 /* QSBKeyMap.h */ = {isa = PBXFileReference; fileEncoding = 4; lastKnownFileType = sourcecode.c.h; name = QSBKeyMap.h; path = QSB/QSBKeyMap.h; sourceTree = "<group>"; };
		D6E5F58813E204E20069D886 /* QSBKeyMap.m */ = {isa = PBXFileReference; fileEncoding = 4; lastKnownFileType = sourcecode.c.objc; name = QSBKeyMap.m; path = QSB/QSBKeyMap.m; sourceTree = "<group>"; };
		D6E5F58C13E205880069D886 /* Macros.h */ = {isa = PBXFileReference; fileEncoding = 4; lastKnownFileType = sourcecode.c.h; name = Macros.h; path = base/Macros.h; sourceTree = "<group>"; };
		D6E5F58D13E205880069D886 /* Updater.h */ = {isa = PBXFileReference; fileEncoding = 4; lastKnownFileType = sourcecode.c.h; name = Updater.h; path = base/Updater.h; sourceTree = "<group>"; };
		D6E5F58E13E205880069D886 /* Updater.m */ = {isa = PBXFileReference; fileEncoding = 4; lastKnownFileType = sourcecode.c.objc; name = Updater.m; path = base/Updater.m; sourceTree = "<group>"; };
		D6E5F58F13E205880069D886 /* Versions.h */ = {isa = PBXFileReference; fileEncoding = 4; lastKnownFileType = sourcecode.c.h; name = Versions.h; path = base/Versions.h; sourceTree = "<group>"; };
		D6E5F59013E205880069D886 /* Versions.m */ = {isa = PBXFileReference; fileEncoding = 4; lastKnownFileType = sourcecode.c.objc; name = Versions.m; path = base/Versions.m; sourceTree = "<group>"; };
		D6E5F59313E205AB0069D886 /* CGSPrivate.h */ = {isa = PBXFileReference; fileEncoding = 4; lastKnownFileType = sourcecode.c.h; name = CGSPrivate.h; path = lib/CGSPrivate.h; sourceTree = "<group>"; };
		D6E5F59413E205AB0069D886 /* JRSwizzle.h */ = {isa = PBXFileReference; fileEncoding = 4; lastKnownFileType = sourcecode.c.h; name = JRSwizzle.h; path = lib/JRSwizzle.h; sourceTree = "<group>"; };
		D6E5F59513E205AB0069D886 /* JRSwizzle.m */ = {isa = PBXFileReference; fileEncoding = 4; lastKnownFileType = sourcecode.c.objc; name = JRSwizzle.m; path = lib/JRSwizzle.m; sourceTree = "<group>"; };
		D6E5F59713E2087D0069D886 /* GTMMethodCheck.h */ = {isa = PBXFileReference; fileEncoding = 4; lastKnownFileType = sourcecode.c.h; name = GTMMethodCheck.h; path = GTM/GTMMethodCheck.h; sourceTree = "<group>"; };
		D6E5F59813E2087D0069D886 /* GTMMethodCheck.m */ = {isa = PBXFileReference; fileEncoding = 4; lastKnownFileType = sourcecode.c.objc; name = GTMMethodCheck.m; path = GTM/GTMMethodCheck.m; sourceTree = "<group>"; };
		D6E5F59913E2087D0069D886 /* GTMTypeCasting.h */ = {isa = PBXFileReference; fileEncoding = 4; lastKnownFileType = sourcecode.c.h; name = GTMTypeCasting.h; path = GTM/GTMTypeCasting.h; sourceTree = "<group>"; };
		D6F5F1E910521A9B0047CFF8 /* Configuration.xib */ = {isa = PBXFileReference; lastKnownFileType = file.xib; name = Configuration.xib; path = "../totalterminal-i18n/plugin/Configuration.xib"; sourceTree = "<group>"; };
		D6FB33E80F3843E20067F941 /* TotalTerminal.xib */ = {isa = PBXFileReference; lastKnownFileType = file.xib; name = TotalTerminal.xib; path = "../totalterminal-i18n/plugin/TotalTerminal.xib"; sourceTree = "<group>"; };
		D6FB34420F3844D80067F941 /* TotalTerminalShared.pch */ = {isa = PBXFileReference; fileEncoding = 4; lastKnownFileType = sourcecode.c.h; path = TotalTerminalShared.pch; sourceTree = "<group>"; };
		D6FCDC671002BA42000FDA45 /* TotalTerminal+CopyOnSelect.h */ = {isa = PBXFileReference; fileEncoding = 4; lastKnownFileType = sourcecode.c.h; path = "TotalTerminal+CopyOnSelect.h"; sourceTree = "<group>"; };
		D6FCDC681002BA42000FDA45 /* TotalTerminal+CopyOnSelect.mm */ = {isa = PBXFileReference; fileEncoding = 4; lastKnownFileType = sourcecode.cpp.objcpp; path = "TotalTerminal+CopyOnSelect.mm"; sourceTree = "<group>"; };
/* End PBXFileReference section */

/* Begin PBXFrameworksBuildPhase section */
		8D5B49B3048680CD000E48DA /* Frameworks */ = {
			isa = PBXFrameworksBuildPhase;
			buildActionMask = 2147483647;
			files = (
				D6757D5913D69AFC00F2FB8D /* Sparkle.framework in Frameworks */,
				8D5B49B4048680CD000E48DA /* Cocoa.framework in Frameworks */,
				D6716ED210659A6300970560 /* WebKit.framework in Frameworks */,
				D648D9FA106DBF7300EA640F /* AppKit.framework in Frameworks */,
				0708B0F612ADA36100A0F345 /* Quartz.framework in Frameworks */,
				0708B0F812ADA36100A0F345 /* QuartzCore.framework in Frameworks */,
			);
			runOnlyForDeploymentPostprocessing = 0;
		};
/* End PBXFrameworksBuildPhase section */

/* Begin PBXGroup section */
		089C166AFE841209C02AAC07 /* Visor */ = {
			isa = PBXGroup;
			children = (
				D66A08DC13E7467B0030CD39 /* Tools */,
				D6757D5813D69AFC00F2FB8D /* Sparkle.framework */,
				D6C7F6D613D64B7700DAC2BC /* Frameworks */,
				08FB77AFFE84173DC02AAC07 /* Sources */,
				32C88E010371C26100C91783 /* Other Sources */,
				089C167CFE841241C02AAC07 /* Resources */,
				089C1671FE841209C02AAC07 /* Frameworks and Libraries */,
				19C28FB8FE9D52D311CA2CBB /* Products */,
			);
			name = Visor;
			sourceTree = "<group>";
		};
		089C1671FE841209C02AAC07 /* Frameworks and Libraries */ = {
			isa = PBXGroup;
			children = (
				1058C7ACFEA557BF11CA2CBB /* Linked Frameworks */,
				1058C7AEFEA557BF11CA2CBB /* Other Frameworks */,
			);
			name = "Frameworks and Libraries";
			sourceTree = "<group>";
		};
		089C167CFE841241C02AAC07 /* Resources */ = {
			isa = PBXGroup;
			children = (
				D62A1D1A13E4B7F100221A33 /* Visor-Lion.terminal */,
				D62A1D1B13E4B7F100221A33 /* Visor-SnowLeaopard.terminal */,
				D6AF5AB913E35F9B00C44014 /* ModifiersCommand.png */,
				D6AF5ABA13E35F9B00C44014 /* ModifiersControl.png */,
				D6AF5ABB13E35F9B00C44014 /* ModifiersOption.png */,
				D6AF5ABC13E35F9B00C44014 /* ModifiersShift.png */,
				D6757D6313D6B29300F2FB8D /* Terminal.icns */,
				D6757D6113D6AD1C00F2FB8D /* TotalTerminal.icns */,
				D6757D5D13D6AD0800F2FB8D /* ChangeThemeBackgroundColor.png */,
				D6757D5613D69AB000F2FB8D /* dsa_pub.pem */,
				07CA8BD612B499F600A6D8BF /* Error.png */,
				07CA8A0612ADAC6C00A6D8BF /* Visor.qtz */,
				D671706A1065D14300970560 /* RestoreApp.scpt */,
				D6716FBC1065B54100970560 /* Control.pdf */,
				D6F5F1E910521A9B0047CFF8 /* Configuration.xib */,
				D67391740F93EB3F0037E3BC /* VisorActive.png */,
				D67391750F93EB3F0037E3BC /* VisorInactive.png */,
				D67391760F93EB3F0037E3BC /* ToolbarIcon.png */,
				D6FB33E80F3843E20067F941 /* TotalTerminal.xib */,
				8D5B49B7048680CD000E48DA /* Info.plist */,
			);
			name = Resources;
			sourceTree = "<group>";
		};
		08FB77AFFE84173DC02AAC07 /* Sources */ = {
			isa = PBXGroup;
			children = (
				D6AF5A8013E2FB1B00C44014 /* ShortcutRecorder */,
				D6AF5A7B13E2FB0400C44014 /* Logger */,
				D6E5F58B13E205470069D886 /* lib */,
				D6E5F58A13E205100069D886 /* base */,
				D6E5F58613E204D20069D886 /* QSB */,
				D6E5F57213E2045E0069D886 /* GTM */,
				D62204AD1051CC3700FAEA30 /* TotalTerminal+TerminalColours.h */,
				D62204AE1051CC3700FAEA30 /* TotalTerminal+TerminalColours.mm */,
				D6AF5A9113E2FF5500C44014 /* TotalTerminal+Shortcuts.mm */,
				D6AF5A9013E2FF5500C44014 /* TotalTerminal+Shortcuts.h */,
				D6FCDC671002BA42000FDA45 /* TotalTerminal+CopyOnSelect.h */,
				D6FCDC681002BA42000FDA45 /* TotalTerminal+CopyOnSelect.mm */,
				26C7384D11045EBF00E5058E /* TotalTerminal+PasteOnRightClick.h */,
				26C7384E11045EBF00E5058E /* TotalTerminal+PasteOnRightClick.mm */,
				D68AA7000F371C810094AA92 /* TotalTerminal.h */,
				D68AA7010F371C810094AA92 /* TotalTerminal.mm */,
				D6AF5A9313E302C400C44014 /* TotalTerminal+Defaults.h */,
				D6AF5A9413E302C400C44014 /* TotalTerminal+Defaults.mm */,
				D6AF5A9613E3032D00C44014 /* TotalTerminal+Debug.h */,
				D6AF5A9713E3032D00C44014 /* TotalTerminal+Debug.mm */,
				D6AF5A9913E304F300C44014 /* TotalTerminal+Observers.h */,
				D6AF5A9A13E304F300C44014 /* TotalTerminal+Observers.mm */,
				D6AF5A9C13E3091B00C44014 /* TotalTerminal+StatusMenu.h */,
				D6AF5A9F13E3094300C44014 /* TotalTerminal+StatusMenu.mm */,
				D6AF5AA113E30A4E00C44014 /* TotalTerminal+Preferences.h */,
				D6AF5AA213E30A4E00C44014 /* TotalTerminal+Preferences.mm */,
				D6AF5AA413E3109500C44014 /* TotalTerminal+Visor.h */,
				D6AF5AA513E3109500C44014 /* TotalTerminal+Visor.mm */,
				D6AF5AA713E311EE00C44014 /* TotalTerminal+Commands.h */,
				D6AF5AA813E311EE00C44014 /* TotalTerminal+Commands.mm */,
				D6AF5AAA13E314F000C44014 /* TotalTerminal+Helpers.h */,
				D6AF5AAB13E314F000C44014 /* TotalTerminal+Helpers.mm */,
				D6AF5AAD13E3154F00C44014 /* TotalTerminal+Dock.h */,
				D6AF5AAE13E3154F00C44014 /* TotalTerminal+Dock.mm */,
				D6AF5AB013E3156000C44014 /* TotalTerminal+Sparkle.h */,
				D6AF5AB113E3156000C44014 /* TotalTerminal+Sparkle.mm */,
				D6AF5AB313E3166D00C44014 /* main.m */,
				D6AF5AB513E3171A00C44014 /* TotalTerminal+Features.h */,
				D6AF5AB613E3171B00C44014 /* TotalTerminal+Features.mm */,
				D69D315813E44CD50013A750 /* TotalTerminal+Menu.h */,
				D69D315913E44CD50013A750 /* TotalTerminal+Menu.mm */,
			);
			name = Sources;
			sourceTree = "<group>";
		};
		1058C7ACFEA557BF11CA2CBB /* Linked Frameworks */ = {
			isa = PBXGroup;
			children = (
				7F01469F0A3E6571006AF239 /* Carbon.framework */,
				1058C7ADFEA557BF11CA2CBB /* Cocoa.framework */,
				D6716ED110659A6300970560 /* WebKit.framework */,
				0708B0F512ADA36100A0F345 /* Quartz.framework */,
				0708B0F712ADA36100A0F345 /* QuartzCore.framework */,
			);
			name = "Linked Frameworks";
			sourceTree = "<group>";
		};
		1058C7AEFEA557BF11CA2CBB /* Other Frameworks */ = {
			isa = PBXGroup;
			children = (
				089C167FFE841241C02AAC07 /* AppKit.framework */,
				D2F7E65807B2D6F200F64583 /* CoreData.framework */,
				089C1672FE841209C02AAC07 /* Foundation.framework */,
			);
			name = "Other Frameworks";
			sourceTree = "<group>";
		};
		19C28FB8FE9D52D311CA2CBB /* Products */ = {
			isa = PBXGroup;
			children = (
				8D5B49B6048680CD000E48DA /* TotalTerminal.bundle */,
			);
			name = Products;
			sourceTree = "<group>";
		};
		32C88E010371C26100C91783 /* Other Sources */ = {
			isa = PBXGroup;
			children = (
				D6FB34420F3844D80067F941 /* TotalTerminalShared.pch */,
			);
			name = "Other Sources";
			sourceTree = "<group>";
		};
		D66A08DC13E7467B0030CD39 /* Tools */ = {
			isa = PBXGroup;
			children = (
				D66A091713E746A80030CD39 /* CrashWatcher.xcodeproj */,
			);
			name = Tools;
			sourceTree = "<group>";
		};
		D66A091813E746A80030CD39 /* Products */ = {
			isa = PBXGroup;
			children = (
				D66A092013E746A80030CD39 /* CrashWatcher.app */,
			);
			name = Products;
			sourceTree = "<group>";
		};
		D6AF5A7B13E2FB0400C44014 /* Logger */ = {
			isa = PBXGroup;
			children = (
				D6AF5A7C13E2FB1200C44014 /* LoggerClient.h */,
				D6AF5A7D13E2FB1200C44014 /* LoggerClient.m */,
				D6AF5A7E13E2FB1200C44014 /* LoggerCommon.h */,
			);
			name = Logger;
			sourceTree = "<group>";
		};
		D6AF5A8013E2FB1B00C44014 /* ShortcutRecorder */ = {
			isa = PBXGroup;
			children = (
				D6AF5A8113E2FB2C00C44014 /* SRCommon.h */,
				D6AF5A8213E2FB2C00C44014 /* SRCommon.m */,
				D6AF5A8313E2FB2C00C44014 /* SRKeyCodeTransformer.h */,
				D6AF5A8413E2FB2C00C44014 /* SRKeyCodeTransformer.m */,
				D6AF5A8513E2FB2C00C44014 /* SRRecorderCell.h */,
				D6AF5A8613E2FB2C00C44014 /* SRRecorderCell.m */,
				D6AF5A8713E2FB2C00C44014 /* SRRecorderControl.h */,
				D6AF5A8813E2FB2C00C44014 /* SRRecorderControl.m */,
				D6AF5A8913E2FB2C00C44014 /* SRValidator.h */,
				D6AF5A8A13E2FB2C00C44014 /* SRValidator.m */,
			);
			name = ShortcutRecorder;
			sourceTree = "<group>";
		};
		D6C7F6D613D64B7700DAC2BC /* Frameworks */ = {
			isa = PBXGroup;
			children = (
				D6C7F6E913D64BEA00DAC2BC /* Sparkle.xcodeproj */,
			);
			name = Frameworks;
			sourceTree = "<group>";
		};
		D6C7F6EA13D64BEA00DAC2BC /* Products */ = {
			isa = PBXGroup;
			children = (
				D6C7F6F713D64BEA00DAC2BC /* Sparkle.framework */,
				D6C7F6F913D64BEA00DAC2BC /* Sparkle Test App.app */,
				D6C7F6FB13D64BEA00DAC2BC /* relaunch */,
				D6C7F6FD13D64BEA00DAC2BC /* Sparkle Unit Tests.octest */,
				D6C7F6FF13D64BEA00DAC2BC /* BinaryDelta */,
			);
			name = Products;
			sourceTree = "<group>";
		};
		D6E5F57213E2045E0069D886 /* GTM */ = {
			isa = PBXGroup;
			children = (
				D6E5F59713E2087D0069D886 /* GTMMethodCheck.h */,
				D6E5F59813E2087D0069D886 /* GTMMethodCheck.m */,
				D6E5F59913E2087D0069D886 /* GTMTypeCasting.h */,
				D6E5F57313E204730069D886 /* GTMCarbonEvent.h */,
				D6E5F57413E204730069D886 /* GTMCarbonEvent.m */,
				D6E5F57513E204730069D886 /* GTMDebugSelectorValidation.h */,
				D6E5F57613E204730069D886 /* GTMDefines.h */,
				D6E5F57713E204730069D886 /* GTMGarbageCollection.h */,
				D6E5F57813E204730069D886 /* GTMHotKeyTextField.h */,
				D6E5F57913E204730069D886 /* GTMHotKeyTextField.m */,
				D6E5F57A13E204730069D886 /* GTMNSObject+KeyValueObserving.h */,
				D6E5F57B13E204730069D886 /* GTMNSObject+KeyValueObserving.m */,
				D6E5F57C13E204730069D886 /* GTMObjC2Runtime.h */,
				D6E5F57D13E204730069D886 /* GTMObjC2Runtime.m */,
				D6E5F57E13E204730069D886 /* GTMObjectSingleton.h */,
				D6E5F57F13E204730069D886 /* GTMSystemVersion.h */,
				D6E5F58013E204730069D886 /* GTMSystemVersion.m */,
			);
			name = GTM;
			sourceTree = "<group>";
		};
		D6E5F58613E204D20069D886 /* QSB */ = {
			isa = PBXGroup;
			children = (
				D6E5F58713E204E20069D886 /* QSBKeyMap.h */,
				D6E5F58813E204E20069D886 /* QSBKeyMap.m */,
			);
			name = QSB;
			sourceTree = "<group>";
		};
		D6E5F58A13E205100069D886 /* base */ = {
			isa = PBXGroup;
			children = (
				D69D315B13E46F000013A750 /* ScreenUpdates.h */,
				D69D315C13E46F000013A750 /* ScreenUpdates.mm */,
				D6E5F58C13E205880069D886 /* Macros.h */,
				D6E5F58D13E205880069D886 /* Updater.h */,
				D6E5F58E13E205880069D886 /* Updater.m */,
				D6E5F58F13E205880069D886 /* Versions.h */,
				D6E5F59013E205880069D886 /* Versions.m */,
				D6AF5AB813E351CB00C44014 /* Notifications.h */,
			);
			name = base;
			sourceTree = "<group>";
		};
		D6E5F58B13E205470069D886 /* lib */ = {
			isa = PBXGroup;
			children = (
				D6E5F59313E205AB0069D886 /* CGSPrivate.h */,
				D6E5F59413E205AB0069D886 /* JRSwizzle.h */,
				D6E5F59513E205AB0069D886 /* JRSwizzle.m */,
			);
			name = lib;
			sourceTree = "<group>";
		};
/* End PBXGroup section */

/* Begin PBXNativeTarget section */
		8D5B49AC048680CD000E48DA /* TotalTerminal.bundle */ = {
			isa = PBXNativeTarget;
			buildConfigurationList = 1DEB913A08733D840010E9CD /* Build configuration list for PBXNativeTarget "TotalTerminal.bundle" */;
			buildPhases = (
				8D5B49AF048680CD000E48DA /* Resources */,
				8D5B49B1048680CD000E48DA /* Sources */,
				8D5B49B3048680CD000E48DA /* Frameworks */,
			);
			buildRules = (
			);
			dependencies = (
				D6C7F70113D64C2E00DAC2BC /* PBXTargetDependency */,
			);
			name = TotalTerminal.bundle;
			productInstallPath = "$(HOME)/Library/Bundles";
			productName = Visor;
			productReference = 8D5B49B6048680CD000E48DA /* TotalTerminal.bundle */;
			productType = "com.apple.product-type.bundle";
		};
/* End PBXNativeTarget section */

/* Begin PBXProject section */
		089C1669FE841209C02AAC07 /* Project object */ = {
			isa = PBXProject;
			attributes = {
				BuildIndependentTargetsInParallel = YES;
				LastUpgradeCheck = 0410;
				ORGANIZATIONNAME = BinaryAge;
			};
			buildConfigurationList = 1DEB913E08733D840010E9CD /* Build configuration list for PBXProject "TotalTerminal" */;
			compatibilityVersion = "Xcode 3.2";
			developmentRegion = English;
			hasScannedForEncodings = 1;
			knownRegions = (
				English,
				Japanese,
				French,
				German,
				en,
			);
			mainGroup = 089C166AFE841209C02AAC07 /* Visor */;
			projectDirPath = "";
			projectReferences = (
				{
					ProductGroup = D66A091813E746A80030CD39 /* Products */;
					ProjectRef = D66A091713E746A80030CD39 /* CrashWatcher.xcodeproj */;
				},
				{
					ProductGroup = D6C7F6EA13D64BEA00DAC2BC /* Products */;
					ProjectRef = D6C7F6E913D64BEA00DAC2BC /* Sparkle.xcodeproj */;
				},
			);
			projectRoot = "";
			targets = (
				D6C7F6D013D6495300DAC2BC /* TotalTerminal.app */,
				8D5B49AC048680CD000E48DA /* TotalTerminal.bundle */,
			);
		};
/* End PBXProject section */

/* Begin PBXReferenceProxy section */
		D66A092013E746A80030CD39 /* CrashWatcher.app */ = {
			isa = PBXReferenceProxy;
			fileType = wrapper.application;
			path = CrashWatcher.app;
			remoteRef = D66A091F13E746A80030CD39 /* PBXContainerItemProxy */;
			sourceTree = BUILT_PRODUCTS_DIR;
		};
		D6C7F6F713D64BEA00DAC2BC /* Sparkle.framework */ = {
			isa = PBXReferenceProxy;
			fileType = wrapper.framework;
			path = Sparkle.framework;
			remoteRef = D6C7F6F613D64BEA00DAC2BC /* PBXContainerItemProxy */;
			sourceTree = BUILT_PRODUCTS_DIR;
		};
		D6C7F6F913D64BEA00DAC2BC /* Sparkle Test App.app */ = {
			isa = PBXReferenceProxy;
			fileType = wrapper.application;
			path = "Sparkle Test App.app";
			remoteRef = D6C7F6F813D64BEA00DAC2BC /* PBXContainerItemProxy */;
			sourceTree = BUILT_PRODUCTS_DIR;
		};
		D6C7F6FB13D64BEA00DAC2BC /* relaunch */ = {
			isa = PBXReferenceProxy;
			fileType = "compiled.mach-o.executable";
			path = relaunch;
			remoteRef = D6C7F6FA13D64BEA00DAC2BC /* PBXContainerItemProxy */;
			sourceTree = BUILT_PRODUCTS_DIR;
		};
		D6C7F6FD13D64BEA00DAC2BC /* Sparkle Unit Tests.octest */ = {
			isa = PBXReferenceProxy;
			fileType = wrapper.cfbundle;
			path = "Sparkle Unit Tests.octest";
			remoteRef = D6C7F6FC13D64BEA00DAC2BC /* PBXContainerItemProxy */;
			sourceTree = BUILT_PRODUCTS_DIR;
		};
		D6C7F6FF13D64BEA00DAC2BC /* BinaryDelta */ = {
			isa = PBXReferenceProxy;
			fileType = "compiled.mach-o.executable";
			path = BinaryDelta;
			remoteRef = D6C7F6FE13D64BEA00DAC2BC /* PBXContainerItemProxy */;
			sourceTree = BUILT_PRODUCTS_DIR;
		};
/* End PBXReferenceProxy section */

/* Begin PBXResourcesBuildPhase section */
		8D5B49AF048680CD000E48DA /* Resources */ = {
			isa = PBXResourcesBuildPhase;
			buildActionMask = 2147483647;
			files = (
				D6757D6213D6B00600F2FB8D /* TotalTerminal.icns in Resources */,
				D67170711065D19D00970560 /* RestoreApp.scpt in Resources */,
				07CA8BD712B499F600A6D8BF /* Error.png in Resources */,
				D6FB33E90F3843E20067F941 /* TotalTerminal.xib in Resources */,
				D67391790F93EB3F0037E3BC /* VisorActive.png in Resources */,
				D673917A0F93EB3F0037E3BC /* VisorInactive.png in Resources */,
				D673917B0F93EB3F0037E3BC /* ToolbarIcon.png in Resources */,
				D6F5F1EA10521A9B0047CFF8 /* Configuration.xib in Resources */,
				D6716FBD1065B54100970560 /* Control.pdf in Resources */,
				07CA8A0712ADAC6C00A6D8BF /* Visor.qtz in Resources */,
				D6757D5713D69AB000F2FB8D /* dsa_pub.pem in Resources */,
				D6757D5E13D6AD0800F2FB8D /* ChangeThemeBackgroundColor.png in Resources */,
				D6757D6413D6B29300F2FB8D /* Terminal.icns in Resources */,
				D6AF5ABD13E35F9B00C44014 /* ModifiersCommand.png in Resources */,
				D6AF5ABE13E35F9B00C44014 /* ModifiersControl.png in Resources */,
				D6AF5ABF13E35F9B00C44014 /* ModifiersOption.png in Resources */,
				D6AF5AC013E35F9B00C44014 /* ModifiersShift.png in Resources */,
				D62A1D1C13E4B7F100221A33 /* Visor-Lion.terminal in Resources */,
				D62A1D1D13E4B7F100221A33 /* Visor-SnowLeaopard.terminal in Resources */,
			);
			runOnlyForDeploymentPostprocessing = 0;
		};
/* End PBXResourcesBuildPhase section */

/* Begin PBXShellScriptBuildPhase section */
		D6C7F6D513D6495B00DAC2BC /* Assemble TotalTerminal.app and TotalTerminal.osax */ = {
			isa = PBXShellScriptBuildPhase;
			buildActionMask = 2147483647;
			files = (
			);
			inputPaths = (
			);
			name = "Assemble TotalTerminal.app and TotalTerminal.osax";
			outputPaths = (
			);
			runOnlyForDeploymentPostprocessing = 0;
			shellPath = /bin/sh;
			shellScript = "TTINSTALLER_SRC=\"$PROJECT_DIR/../totalterminal-installer\"\nTTBIN=\"$PROJECT_DIR/../bin\"\nTTAPP=\"$TTBIN/TotalTerminal.app\"\nTTOSAX=\"$TTBIN/TotalTerminal.osax\"\nTTBUNDLE=\"$TTOSAX/Contents/Resources/TotalTerminal.bundle\"\nTTBINARY=\"$TTBUNDLE/Contents/MacOS/TotalTerminal\"\nTTRESOURCES=\"$TTBUNDLE/Contents/Resources\"\nTTFRAMEWORKS=\"$TTBUNDLE/Contents/Frameworks\"\nTTCRASHWATCHER=\"$TTRESOURCES/TotalTerminalCrashWatcher.app\"\n\necho \"assembling final products in $TTBIN\"\n\nmkdir -p \"$TTBIN\"\n\nrm -rf \"$TTAPP\"\ncp -Rf \"$TTINSTALLER_SRC/TotalTerminal.app/\" \"$TTAPP\"\n\nrm -rf \"$TTOSAX\"\ncp -Rf \"$BUILT_PRODUCTS_DIR/TotalTerminal.osax/\" \"$TTOSAX\"\ncp -Rf \"$BUILT_PRODUCTS_DIR/TotalTerminal.bundle/\" \"$TTBUNDLE\"\ncp -Rf \"$BUILT_PRODUCTS_DIR/CrashWatcher.app/\" \"$TTCRASHWATCHER\"\n\nCRASHWATCHER_PLIST=\"$TTCRASHWATCHER/Contents/Info.plist\"\n/usr/libexec/PlistBuddy -c \"Set :CFBundleIdentifier com.binaryage.totalterminal.crashwatcher\" \"$CRASHWATCHER_PLIST\"\n/usr/libexec/PlistBuddy -c \"Set :CFBundleVersion ##VERSION##\" \"$CRASHWATCHER_PLIST\"\n/usr/libexec/PlistBuddy -c \"Set :TargetApp TotalTerminal\" \"$CRASHWATCHER_PLIST\"\n/usr/libexec/PlistBuddy -c \"Set :CrashLogPrefix Terminal\" \"$CRASHWATCHER_PLIST\"\n\nmkdir -p \"$TTFRAMEWORKS\"\ncp -Rf \"$BUILT_PRODUCTS_DIR/Sparkle.framework\" \"$TTFRAMEWORKS\"\n\n# WARNING! may break autoupdater if done incorectly\necho \"com.binaryage.totalterminal.sparkle\"\nSPARKLE_PLIST=\"$TTFRAMEWORKS/Sparkle.framework/Resources/Info.plist\"\n/usr/libexec/PlistBuddy -c \"Set :CFBundleIdentifier com.binaryage.totalterminal.sparkle\" \"$SPARKLE_PLIST\"\n/usr/libexec/PlistBuddy -c \"Set :CFBundleVersion ##VERSION##\" \"$SPARKLE_PLIST\"\n/usr/libexec/PlistBuddy -c \"Set :CFBundleShortVersionString ##VERSION##\" \"$SPARKLE_PLIST\"\n/usr/libexec/PlistBuddy -c \"Delete :CFBundleName\" \"$SPARKLE_PLIST\"\n/usr/libexec/PlistBuddy -c \"Add :CFBundleName string Sparkle\" \"$SPARKLE_PLIST\"\n/usr/libexec/PlistBuddy -c \"Delete :CFBundleExecutable\" \"$SPARKLE_PLIST\"\n/usr/libexec/PlistBuddy -c \"Add :CFBundleExecutable string Sparkle\" \"$SPARKLE_PLIST\"\n\ninstall_name_tool -change \"/Library/Frameworks/Sparkle.framework/Versions/A/Sparkle\" \"@loader_path/../Frameworks/Sparkle.framework/Versions/A/Sparkle\" \"$TTBINARY\"\n\nexit 0";
		};
		D6C7F70413D652C000DAC2BC /* Compile main.scpt */ = {
			isa = PBXShellScriptBuildPhase;
			buildActionMask = 2147483647;
			files = (
			);
			inputPaths = (
				"$(SRCROOT)/../totalterminal-installer/TotalTerminal.app/Contents/Resources/Scripts/main.applescript",
			);
			name = "Compile main.scpt";
			outputPaths = (
				"$(BUILT_PRODUCTS_DIR)/bin/TotalTerminal.app/Contents/Resources/Scripts/main.scpt",
			);
			runOnlyForDeploymentPostprocessing = 0;
			shellPath = /bin/sh;
			shellScript = "TTBIN=\"$PROJECT_DIR/../bin\"\n\ncd \"$TTBIN/TotalTerminal.app/Contents/Resources/Scripts\"\nosacompile -o \"main.scptd\" \"main.applescript\"\nrm \"main.applescript\"\nmv \"main.scptd/Contents/Resources/Scripts/main.scpt\" \"main.scpt\"\nrm -rf \"main.scptd\"";
		};
		D6C7F70513D6531C00DAC2BC /* Debug Install */ = {
			isa = PBXShellScriptBuildPhase;
			buildActionMask = 2147483647;
			files = (
			);
			inputPaths = (
			);
			name = "Debug Install";
			outputPaths = (
			);
			runOnlyForDeploymentPostprocessing = 0;
			shellPath = /bin/sh;
			shellScript = "TTBIN=\"$PROJECT_DIR/../bin\"\n\n# build final package\nrm -rf \"/Applications/TotalTerminal.app\"\ncp -Rf \"$TTBIN/TotalTerminal.app\" \"/Applications\"\n\n# install osax, also make sure you don't have it in /Library/ScriptingAdditions/TotalTerminal.osax already\nrm -rf ~/Library/ScriptingAdditions/TotalTerminal.osax\ncp -r \"$TTBIN/TotalTerminal.osax\" ~/Library/ScriptingAdditions";
		};
/* End PBXShellScriptBuildPhase section */

/* Begin PBXSourcesBuildPhase section */
		8D5B49B1048680CD000E48DA /* Sources */ = {
			isa = PBXSourcesBuildPhase;
			buildActionMask = 2147483647;
			files = (
				D68AA7020F371C810094AA92 /* TotalTerminal.mm in Sources */,
				D6FCDC691002BA42000FDA45 /* TotalTerminal+CopyOnSelect.mm in Sources */,
				D62204AF1051CC3700FAEA30 /* TotalTerminal+TerminalColours.mm in Sources */,
				26C7384F11045EBF00E5058E /* TotalTerminal+PasteOnRightClick.mm in Sources */,
				D6E5F58113E204730069D886 /* GTMCarbonEvent.m in Sources */,
				D6E5F58213E204730069D886 /* GTMHotKeyTextField.m in Sources */,
				D6E5F58313E204730069D886 /* GTMNSObject+KeyValueObserving.m in Sources */,
				D6E5F58413E204730069D886 /* GTMObjC2Runtime.m in Sources */,
				D6E5F58513E204730069D886 /* GTMSystemVersion.m in Sources */,
				D6E5F58913E204E20069D886 /* QSBKeyMap.m in Sources */,
				D6E5F59113E205880069D886 /* Updater.m in Sources */,
				D6E5F59213E205880069D886 /* Versions.m in Sources */,
				D6E5F59613E205AB0069D886 /* JRSwizzle.m in Sources */,
				D6E5F59A13E2087D0069D886 /* GTMMethodCheck.m in Sources */,
				D6AF5A7F13E2FB1200C44014 /* LoggerClient.m in Sources */,
				D6AF5A8B13E2FB2C00C44014 /* SRCommon.m in Sources */,
				D6AF5A8C13E2FB2C00C44014 /* SRKeyCodeTransformer.m in Sources */,
				D6AF5A8D13E2FB2C00C44014 /* SRRecorderCell.m in Sources */,
				D6AF5A8E13E2FB2C00C44014 /* SRRecorderControl.m in Sources */,
				D6AF5A8F13E2FB2C00C44014 /* SRValidator.m in Sources */,
				D6AF5A9213E2FF5500C44014 /* TotalTerminal+Shortcuts.mm in Sources */,
				D6AF5A9513E302C400C44014 /* TotalTerminal+Defaults.mm in Sources */,
				D6AF5A9813E3032D00C44014 /* TotalTerminal+Debug.mm in Sources */,
				D6AF5A9B13E304F300C44014 /* TotalTerminal+Observers.mm in Sources */,
				D6AF5AA013E3094300C44014 /* TotalTerminal+StatusMenu.mm in Sources */,
				D6AF5AA313E30A4E00C44014 /* TotalTerminal+Preferences.mm in Sources */,
				D6AF5AA613E3109500C44014 /* TotalTerminal+Visor.mm in Sources */,
				D6AF5AA913E311EE00C44014 /* TotalTerminal+Commands.mm in Sources */,
				D6AF5AAC13E314F000C44014 /* TotalTerminal+Helpers.mm in Sources */,
				D6AF5AAF13E3154F00C44014 /* TotalTerminal+Dock.mm in Sources */,
				D6AF5AB213E3156000C44014 /* TotalTerminal+Sparkle.mm in Sources */,
				D6AF5AB413E3166D00C44014 /* main.m in Sources */,
				D6AF5AB713E3171B00C44014 /* TotalTerminal+Features.mm in Sources */,
				D69D315A13E44CD50013A750 /* TotalTerminal+Menu.mm in Sources */,
				D69D315D13E46F000013A750 /* ScreenUpdates.mm in Sources */,
			);
			runOnlyForDeploymentPostprocessing = 0;
		};
/* End PBXSourcesBuildPhase section */

/* Begin PBXTargetDependency section */
		D66A092213E746DD0030CD39 /* PBXTargetDependency */ = {
			isa = PBXTargetDependency;
			name = CrashWatcher;
			targetProxy = D66A092113E746DD0030CD39 /* PBXContainerItemProxy */;
		};
		D6C7F70113D64C2E00DAC2BC /* PBXTargetDependency */ = {
			isa = PBXTargetDependency;
			name = Sparkle;
			targetProxy = D6C7F70013D64C2E00DAC2BC /* PBXContainerItemProxy */;
		};
		D6C7F70313D64C7200DAC2BC /* PBXTargetDependency */ = {
			isa = PBXTargetDependency;
			target = 8D5B49AC048680CD000E48DA /* TotalTerminal.bundle */;
			targetProxy = D6C7F70213D64C7200DAC2BC /* PBXContainerItemProxy */;
		};
/* End PBXTargetDependency section */

/* Begin XCBuildConfiguration section */
		1DEB913B08733D840010E9CD /* Debug */ = {
			isa = XCBuildConfiguration;
			buildSettings = {
				ARCHS = "$(ARCHS_STANDARD_32_64_BIT)";
				FRAMEWORK_SEARCH_PATHS = (
					"$(inherited)",
					"\"$(SRCROOT)\"",
				);
				GCC_C_LANGUAGE_STANDARD = c99;
				GCC_PRECOMPILE_PREFIX_HEADER = YES;
				GCC_PREFIX_HEADER = TotalTerminalShared.pch;
				GCC_WARN_ABOUT_MISSING_PROTOTYPES = YES;
				GCC_WARN_ALLOW_INCOMPLETE_PROTOCOL = NO;
				GCC_WARN_INHIBIT_ALL_WARNINGS = YES;
				GCC_WARN_STRICT_SELECTOR_MATCH = YES;
				GCC_WARN_UNDECLARED_SELECTOR = YES;
				INFOPLIST_FILE = Info.plist;
				MACOSX_DEPLOYMENT_TARGET = 10.5;
				PRODUCT_NAME = TotalTerminal;
				SKIP_INSTALL = YES;
				VALID_ARCHS = "x86_64 i386";
				WRAPPER_EXTENSION = bundle;
			};
			name = Debug;
		};
		1DEB913C08733D840010E9CD /* Release */ = {
			isa = XCBuildConfiguration;
			buildSettings = {
				ARCHS = "$(ARCHS_STANDARD_32_64_BIT)";
				FRAMEWORK_SEARCH_PATHS = (
					"$(inherited)",
					"\"$(SRCROOT)\"",
				);
				GCC_C_LANGUAGE_STANDARD = c99;
				GCC_PRECOMPILE_PREFIX_HEADER = YES;
				GCC_PREFIX_HEADER = TotalTerminalShared.pch;
				GCC_WARN_ALLOW_INCOMPLETE_PROTOCOL = YES;
				GCC_WARN_INHIBIT_ALL_WARNINGS = YES;
				INFOPLIST_FILE = Info.plist;
				MACOSX_DEPLOYMENT_TARGET = 10.5;
				PRODUCT_NAME = TotalTerminal;
				VALID_ARCHS = "x86_64 i386";
				WRAPPER_EXTENSION = bundle;
			};
			name = Release;
		};
		1DEB913F08733D840010E9CD /* Debug */ = {
			isa = XCBuildConfiguration;
			buildSettings = {
				GCC_PREPROCESSOR_DEFINITIONS = _DEBUG_MODE;
				MACOSX_DEPLOYMENT_TARGET = 10.6;
				OTHER_CFLAGS = "-fnested-functions";
				OTHER_LDFLAGS = (
					"-undefined",
					dynamic_lookup,
				);
			};
			name = Debug;
		};
		1DEB914008733D840010E9CD /* Release */ = {
			isa = XCBuildConfiguration;
			buildSettings = {
				MACOSX_DEPLOYMENT_TARGET = 10.6;
				OTHER_CFLAGS = "-fnested-functions";
				OTHER_LDFLAGS = (
					"-undefined",
					dynamic_lookup,
				);
			};
			name = Release;
		};
		D6C7F6D113D6495300DAC2BC /* Debug */ = {
			isa = XCBuildConfiguration;
			buildSettings = {
				PRODUCT_NAME = "$(TARGET_NAME)";
			};
			name = Debug;
		};
		D6C7F6D213D6495300DAC2BC /* Release */ = {
			isa = XCBuildConfiguration;
			buildSettings = {
				PRODUCT_NAME = "$(TARGET_NAME)";
			};
			name = Release;
		};
/* End XCBuildConfiguration section */

/* Begin XCConfigurationList section */
		1DEB913A08733D840010E9CD /* Build configuration list for PBXNativeTarget "TotalTerminal.bundle" */ = {
			isa = XCConfigurationList;
			buildConfigurations = (
				1DEB913B08733D840010E9CD /* Debug */,
				1DEB913C08733D840010E9CD /* Release */,
			);
			defaultConfigurationIsVisible = 0;
			defaultConfigurationName = Release;
		};
		1DEB913E08733D840010E9CD /* Build configuration list for PBXProject "TotalTerminal" */ = {
			isa = XCConfigurationList;
			buildConfigurations = (
				1DEB913F08733D840010E9CD /* Debug */,
				1DEB914008733D840010E9CD /* Release */,
			);
			defaultConfigurationIsVisible = 0;
			defaultConfigurationName = Release;
		};
		D6C7F6D313D6495300DAC2BC /* Build configuration list for PBXAggregateTarget "TotalTerminal.app" */ = {
			isa = XCConfigurationList;
			buildConfigurations = (
				D6C7F6D113D6495300DAC2BC /* Debug */,
				D6C7F6D213D6495300DAC2BC /* Release */,
			);
			defaultConfigurationIsVisible = 0;
			defaultConfigurationName = Release;
		};
/* End XCConfigurationList section */
	};
	rootObject = 089C1669FE841209C02AAC07 /* Project object */;
}
